
Microsoft Visual Studio Solution File, Format Version 10.00
# Visual Studio 2008
Project("{FAE04EC0-301F-11D3-BF4B-00C04F79EFBC}") = "Examples", "Examples\Examples.csproj", "{816EC137-7AFD-42B3-84A1-447E33A6A8C8}"
EndProject
Project("{FAE04EC0-301F-11D3-BF4B-00C04F79EFBC}") = "protobuf-net", "protobuf-net\protobuf-net.csproj", "{8374E4D7-2A91-48F1-9360-09B09CF27C3F}"
EndProject
Project("{00000000-0000-0000-0000-000000000000}") = "protobuf-net_Silverlight", "protobuf-net_Silverlight\protobuf-net_Silverlight.csproj", "{35032FC5-65E0-4FE4-8DBC-A31F0694EC14}"
EndProject
Project("{FAE04EC0-301F-11D3-BF4B-00C04F79EFBC}") = "SilverlightExtended", "SilverlightExtended\SilverlightExtended.csproj", "{05A18144-D234-46D7-A36C-CD45BA884746}"
EndProject
Project("{FAE04EC0-301F-11D3-BF4B-00C04F79EFBC}") = "protobuf-net-CF20", "protobuf-net-CF20\protobuf-net-CF20.csproj", "{5603E8F8-6425-43BF-849E-C95F1D7A8AEB}"
EndProject
Project("{FAE04EC0-301F-11D3-BF4B-00C04F79EFBC}") = "protobuf-net-CF35", "protobuf-net-CF35\protobuf-net-CF35.csproj", "{C12D2EDB-76A0-4025-AF7A-28766D6AF78C}"
EndProject
Project("{2150E333-8FDC-42A3-9474-1A3956D46DE8}") = "Solution Items", "Solution Items", "{79F36A47-30CF-4FEB-ADA5-BE09B05AF9D6}"
	ProjectSection(SolutionItems) = preProject
		..\wiki\ChangeHistory.wiki = ..\wiki\ChangeHistory.wiki
		StartHere.txt = StartHere.txt
	EndProjectSection
EndProject
Project("{FAE04EC0-301F-11D3-BF4B-00C04F79EFBC}") = "QuickStart", "QuickStart\QuickStart.csproj", "{65A793DB-49B9-4563-B028-BDF958A915CE}"
EndProject
Project("{FAE04EC0-301F-11D3-BF4B-00C04F79EFBC}") = "ProtoGen", "ProtoGen\ProtoGen.csproj", "{F6CBE303-3B5F-4CCC-B0B7-D81A6BD462C9}"
EndProject
Project("{FAE04EC0-301F-11D3-BF4B-00C04F79EFBC}") = "LateLoaded", "LateLoaded\LateLoaded.csproj", "{E1EB9E1A-8BC0-4DA8-983A-6896F523BEE3}"
EndProject
Project("{FAE04EC0-301F-11D3-BF4B-00C04F79EFBC}") = "protobuf-net.Extensions", "protobuf-net.Extensions\protobuf-net.Extensions.csproj", "{927AB924-08B5-4629-B505-3BC78A61B0D6}"
EndProject
Project("{00000000-0000-0000-0000-000000000000}") = "demo-rpc-client-silverlight", "demo-rpc-client-silverlight\demo-rpc-client-silverlight.csproj", "{7C741476-7F39-4C17-9806-C839A5683463}"
EndProject
Project("{FAE04EC0-301F-11D3-BF4B-00C04F79EFBC}") = "demo-rpc-server-mvc", "demo-rpc-server-mvc\demo-rpc-server-mvc.csproj", "{2F293C90-1DE4-4CE1-AFA7-D0B36E0CA8A9}"
EndProject
Project("{FAE04EC0-301F-11D3-BF4B-00C04F79EFBC}") = "protobuf-net.Extensions-CF35", "protobuf-net.Extensions-CF35\protobuf-net.Extensions-CF35.csproj", "{414BC396-98D1-46F8-B3AA-A77CC87C7C82}"
EndProject
Project("{FAE04EC0-301F-11D3-BF4B-00C04F79EFBC}") = "ProtoBufGenerator", "ProtoBufGenerator\ProtoBufGenerator.csproj", "{472D6E77-593E-40EB-993C-5F3EE80E7231}"
	ProjectSection(ProjectDependencies) = postProject
		{F6CBE303-3B5F-4CCC-B0B7-D81A6BD462C9} = {F6CBE303-3B5F-4CCC-B0B7-D81A6BD462C9}
	EndProjectSection
EndProject
Project("{F184B08F-C81C-45F6-A57F-5ABD9991F28F}") = "VBTestRig", "VBTestRig\VBTestRig.vbproj", "{5298B531-E3E3-4E3B-B8D2-62459C52163B}"
EndProject
Project("{54435603-DBB4-11D2-8724-00A0C9A8B90C}") = "protobuf-net-VS9", "protobuf-net-VS9\protobuf-net-VS9.vdproj", "{6F537CE4-FB43-40F0-8F7C-F83BDC11CAE4}"
EndProject
Global
	GlobalSection(SolutionConfigurationPlatforms) = preSolution
		Debug|Any CPU = Debug|Any CPU
		Net20|Any CPU = Net20|Any CPU
		Profile|Any CPU = Profile|Any CPU
		Release|Any CPU = Release|Any CPU
		Silverlight2|Any CPU = Silverlight2|Any CPU
	EndGlobalSection
	GlobalSection(ProjectConfigurationPlatforms) = postSolution
		{816EC137-7AFD-42B3-84A1-447E33A6A8C8}.Debug|Any CPU.ActiveCfg = Debug|Any CPU
		{816EC137-7AFD-42B3-84A1-447E33A6A8C8}.Debug|Any CPU.Build.0 = Debug|Any CPU
		{816EC137-7AFD-42B3-84A1-447E33A6A8C8}.Net20|Any CPU.ActiveCfg = Net20|Any CPU
		{816EC137-7AFD-42B3-84A1-447E33A6A8C8}.Net20|Any CPU.Build.0 = Net20|Any CPU
		{816EC137-7AFD-42B3-84A1-447E33A6A8C8}.Profile|Any CPU.ActiveCfg = Profile|Any CPU
		{816EC137-7AFD-42B3-84A1-447E33A6A8C8}.Profile|Any CPU.Build.0 = Profile|Any CPU
		{816EC137-7AFD-42B3-84A1-447E33A6A8C8}.Release|Any CPU.ActiveCfg = Release|Any CPU
		{816EC137-7AFD-42B3-84A1-447E33A6A8C8}.Release|Any CPU.Build.0 = Release|Any CPU
		{816EC137-7AFD-42B3-84A1-447E33A6A8C8}.Silverlight2|Any CPU.ActiveCfg = Silverlight2|Any CPU
		{816EC137-7AFD-42B3-84A1-447E33A6A8C8}.Silverlight2|Any CPU.Build.0 = Silverlight2|Any CPU
		{8374E4D7-2A91-48F1-9360-09B09CF27C3F}.Debug|Any CPU.ActiveCfg = Debug|Any CPU
		{8374E4D7-2A91-48F1-9360-09B09CF27C3F}.Debug|Any CPU.Build.0 = Debug|Any CPU
		{8374E4D7-2A91-48F1-9360-09B09CF27C3F}.Net20|Any CPU.ActiveCfg = Net20|Any CPU
		{8374E4D7-2A91-48F1-9360-09B09CF27C3F}.Net20|Any CPU.Build.0 = Net20|Any CPU
		{8374E4D7-2A91-48F1-9360-09B09CF27C3F}.Profile|Any CPU.ActiveCfg = Profile|Any CPU
		{8374E4D7-2A91-48F1-9360-09B09CF27C3F}.Profile|Any CPU.Build.0 = Profile|Any CPU
		{8374E4D7-2A91-48F1-9360-09B09CF27C3F}.Release|Any CPU.ActiveCfg = Release|Any CPU
		{8374E4D7-2A91-48F1-9360-09B09CF27C3F}.Release|Any CPU.Build.0 = Release|Any CPU
		{8374E4D7-2A91-48F1-9360-09B09CF27C3F}.Silverlight2|Any CPU.ActiveCfg = Silverlight2|Any CPU
		{8374E4D7-2A91-48F1-9360-09B09CF27C3F}.Silverlight2|Any CPU.Build.0 = Silverlight2|Any CPU
		{35032FC5-65E0-4FE4-8DBC-A31F0694EC14}.Debug|Any CPU.ActiveCfg = Debug|Any CPU
		{35032FC5-65E0-4FE4-8DBC-A31F0694EC14}.Debug|Any CPU.Build.0 = Debug|Any CPU
		{35032FC5-65E0-4FE4-8DBC-A31F0694EC14}.Net20|Any CPU.ActiveCfg = Release|Any CPU
		{35032FC5-65E0-4FE4-8DBC-A31F0694EC14}.Net20|Any CPU.Build.0 = Release|Any CPU
		{35032FC5-65E0-4FE4-8DBC-A31F0694EC14}.Profile|Any CPU.ActiveCfg = Release|Any CPU
		{35032FC5-65E0-4FE4-8DBC-A31F0694EC14}.Release|Any CPU.ActiveCfg = Release|Any CPU
		{35032FC5-65E0-4FE4-8DBC-A31F0694EC14}.Release|Any CPU.Build.0 = Release|Any CPU
		{35032FC5-65E0-4FE4-8DBC-A31F0694EC14}.Silverlight2|Any CPU.ActiveCfg = Release|Any CPU
		{35032FC5-65E0-4FE4-8DBC-A31F0694EC14}.Silverlight2|Any CPU.Build.0 = Release|Any CPU
		{05A18144-D234-46D7-A36C-CD45BA884746}.Debug|Any CPU.ActiveCfg = Debug|Any CPU
		{05A18144-D234-46D7-A36C-CD45BA884746}.Debug|Any CPU.Build.0 = Debug|Any CPU
		{05A18144-D234-46D7-A36C-CD45BA884746}.Net20|Any CPU.ActiveCfg = Release|Any CPU
		{05A18144-D234-46D7-A36C-CD45BA884746}.Net20|Any CPU.Build.0 = Release|Any CPU
		{05A18144-D234-46D7-A36C-CD45BA884746}.Profile|Any CPU.ActiveCfg = Release|Any CPU
		{05A18144-D234-46D7-A36C-CD45BA884746}.Release|Any CPU.ActiveCfg = Release|Any CPU
		{05A18144-D234-46D7-A36C-CD45BA884746}.Release|Any CPU.Build.0 = Release|Any CPU
		{05A18144-D234-46D7-A36C-CD45BA884746}.Silverlight2|Any CPU.ActiveCfg = Release|Any CPU
		{05A18144-D234-46D7-A36C-CD45BA884746}.Silverlight2|Any CPU.Build.0 = Release|Any CPU
		{5603E8F8-6425-43BF-849E-C95F1D7A8AEB}.Debug|Any CPU.ActiveCfg = Debug|Any CPU
		{5603E8F8-6425-43BF-849E-C95F1D7A8AEB}.Debug|Any CPU.Build.0 = Debug|Any CPU
		{5603E8F8-6425-43BF-849E-C95F1D7A8AEB}.Net20|Any CPU.ActiveCfg = Release|Any CPU
		{5603E8F8-6425-43BF-849E-C95F1D7A8AEB}.Net20|Any CPU.Build.0 = Release|Any CPU
		{5603E8F8-6425-43BF-849E-C95F1D7A8AEB}.Profile|Any CPU.ActiveCfg = Release|Any CPU
		{5603E8F8-6425-43BF-849E-C95F1D7A8AEB}.Profile|Any CPU.Build.0 = Release|Any CPU
		{5603E8F8-6425-43BF-849E-C95F1D7A8AEB}.Release|Any CPU.ActiveCfg = Release|Any CPU
		{5603E8F8-6425-43BF-849E-C95F1D7A8AEB}.Release|Any CPU.Build.0 = Release|Any CPU
		{5603E8F8-6425-43BF-849E-C95F1D7A8AEB}.Silverlight2|Any CPU.ActiveCfg = Release|Any CPU
		{5603E8F8-6425-43BF-849E-C95F1D7A8AEB}.Silverlight2|Any CPU.Build.0 = Release|Any CPU
		{C12D2EDB-76A0-4025-AF7A-28766D6AF78C}.Debug|Any CPU.ActiveCfg = Debug|Any CPU
		{C12D2EDB-76A0-4025-AF7A-28766D6AF78C}.Debug|Any CPU.Build.0 = Debug|Any CPU
		{C12D2EDB-76A0-4025-AF7A-28766D6AF78C}.Net20|Any CPU.ActiveCfg = Release|Any CPU
		{C12D2EDB-76A0-4025-AF7A-28766D6AF78C}.Net20|Any CPU.Build.0 = Release|Any CPU
		{C12D2EDB-76A0-4025-AF7A-28766D6AF78C}.Profile|Any CPU.ActiveCfg = Release|Any CPU
		{C12D2EDB-76A0-4025-AF7A-28766D6AF78C}.Profile|Any CPU.Build.0 = Release|Any CPU
		{C12D2EDB-76A0-4025-AF7A-28766D6AF78C}.Release|Any CPU.ActiveCfg = Release|Any CPU
		{C12D2EDB-76A0-4025-AF7A-28766D6AF78C}.Release|Any CPU.Build.0 = Release|Any CPU
		{C12D2EDB-76A0-4025-AF7A-28766D6AF78C}.Silverlight2|Any CPU.ActiveCfg = Release|Any CPU
		{C12D2EDB-76A0-4025-AF7A-28766D6AF78C}.Silverlight2|Any CPU.Build.0 = Release|Any CPU
		{65A793DB-49B9-4563-B028-BDF958A915CE}.Debug|Any CPU.ActiveCfg = Debug|Any CPU
		{65A793DB-49B9-4563-B028-BDF958A915CE}.Debug|Any CPU.Build.0 = Debug|Any CPU
		{65A793DB-49B9-4563-B028-BDF958A915CE}.Net20|Any CPU.ActiveCfg = Release|Any CPU
		{65A793DB-49B9-4563-B028-BDF958A915CE}.Net20|Any CPU.Build.0 = Release|Any CPU
		{65A793DB-49B9-4563-B028-BDF958A915CE}.Profile|Any CPU.ActiveCfg = Release|Any CPU
		{65A793DB-49B9-4563-B028-BDF958A915CE}.Profile|Any CPU.Build.0 = Release|Any CPU
		{65A793DB-49B9-4563-B028-BDF958A915CE}.Release|Any CPU.ActiveCfg = Release|Any CPU
		{65A793DB-49B9-4563-B028-BDF958A915CE}.Release|Any CPU.Build.0 = Release|Any CPU
		{65A793DB-49B9-4563-B028-BDF958A915CE}.Silverlight2|Any CPU.ActiveCfg = Release|Any CPU
		{65A793DB-49B9-4563-B028-BDF958A915CE}.Silverlight2|Any CPU.Build.0 = Release|Any CPU
		{F6CBE303-3B5F-4CCC-B0B7-D81A6BD462C9}.Debug|Any CPU.ActiveCfg = Debug|Any CPU
		{F6CBE303-3B5F-4CCC-B0B7-D81A6BD462C9}.Debug|Any CPU.Build.0 = Debug|Any CPU
		{F6CBE303-3B5F-4CCC-B0B7-D81A6BD462C9}.Net20|Any CPU.ActiveCfg = Release|Any CPU
		{F6CBE303-3B5F-4CCC-B0B7-D81A6BD462C9}.Net20|Any CPU.Build.0 = Release|Any CPU
		{F6CBE303-3B5F-4CCC-B0B7-D81A6BD462C9}.Profile|Any CPU.ActiveCfg = Release|Any CPU
		{F6CBE303-3B5F-4CCC-B0B7-D81A6BD462C9}.Profile|Any CPU.Build.0 = Release|Any CPU
		{F6CBE303-3B5F-4CCC-B0B7-D81A6BD462C9}.Release|Any CPU.ActiveCfg = Release|Any CPU
		{F6CBE303-3B5F-4CCC-B0B7-D81A6BD462C9}.Release|Any CPU.Build.0 = Release|Any CPU
		{F6CBE303-3B5F-4CCC-B0B7-D81A6BD462C9}.Silverlight2|Any CPU.ActiveCfg = Release|Any CPU
		{F6CBE303-3B5F-4CCC-B0B7-D81A6BD462C9}.Silverlight2|Any CPU.Build.0 = Release|Any CPU
		{E1EB9E1A-8BC0-4DA8-983A-6896F523BEE3}.Debug|Any CPU.ActiveCfg = Debug|Any CPU
		{E1EB9E1A-8BC0-4DA8-983A-6896F523BEE3}.Debug|Any CPU.Build.0 = Debug|Any CPU
		{E1EB9E1A-8BC0-4DA8-983A-6896F523BEE3}.Net20|Any CPU.ActiveCfg = Release|Any CPU
		{E1EB9E1A-8BC0-4DA8-983A-6896F523BEE3}.Net20|Any CPU.Build.0 = Release|Any CPU
		{E1EB9E1A-8BC0-4DA8-983A-6896F523BEE3}.Profile|Any CPU.ActiveCfg = Release|Any CPU
		{E1EB9E1A-8BC0-4DA8-983A-6896F523BEE3}.Profile|Any CPU.Build.0 = Release|Any CPU
		{E1EB9E1A-8BC0-4DA8-983A-6896F523BEE3}.Release|Any CPU.ActiveCfg = Release|Any CPU
		{E1EB9E1A-8BC0-4DA8-983A-6896F523BEE3}.Release|Any CPU.Build.0 = Release|Any CPU
		{E1EB9E1A-8BC0-4DA8-983A-6896F523BEE3}.Silverlight2|Any CPU.ActiveCfg = Release|Any CPU
		{E1EB9E1A-8BC0-4DA8-983A-6896F523BEE3}.Silverlight2|Any CPU.Build.0 = Release|Any CPU
		{927AB924-08B5-4629-B505-3BC78A61B0D6}.Debug|Any CPU.ActiveCfg = Debug|Any CPU
		{927AB924-08B5-4629-B505-3BC78A61B0D6}.Debug|Any CPU.Build.0 = Debug|Any CPU
		{927AB924-08B5-4629-B505-3BC78A61B0D6}.Net20|Any CPU.ActiveCfg = Release|Any CPU
		{927AB924-08B5-4629-B505-3BC78A61B0D6}.Net20|Any CPU.Build.0 = Release|Any CPU
		{927AB924-08B5-4629-B505-3BC78A61B0D6}.Profile|Any CPU.ActiveCfg = Release|Any CPU
		{927AB924-08B5-4629-B505-3BC78A61B0D6}.Profile|Any CPU.Build.0 = Release|Any CPU
		{927AB924-08B5-4629-B505-3BC78A61B0D6}.Release|Any CPU.ActiveCfg = Release|Any CPU
		{927AB924-08B5-4629-B505-3BC78A61B0D6}.Release|Any CPU.Build.0 = Release|Any CPU
		{927AB924-08B5-4629-B505-3BC78A61B0D6}.Silverlight2|Any CPU.ActiveCfg = Release|Any CPU
		{927AB924-08B5-4629-B505-3BC78A61B0D6}.Silverlight2|Any CPU.Build.0 = Release|Any CPU
		{7C741476-7F39-4C17-9806-C839A5683463}.Debug|Any CPU.ActiveCfg = Debug|Any CPU
		{7C741476-7F39-4C17-9806-C839A5683463}.Debug|Any CPU.Build.0 = Debug|Any CPU
		{7C741476-7F39-4C17-9806-C839A5683463}.Net20|Any CPU.ActiveCfg = Release|Any CPU
		{7C741476-7F39-4C17-9806-C839A5683463}.Net20|Any CPU.Build.0 = Release|Any CPU
		{7C741476-7F39-4C17-9806-C839A5683463}.Profile|Any CPU.ActiveCfg = Release|Any CPU
		{7C741476-7F39-4C17-9806-C839A5683463}.Profile|Any CPU.Build.0 = Release|Any CPU
		{7C741476-7F39-4C17-9806-C839A5683463}.Release|Any CPU.ActiveCfg = Release|Any CPU
		{7C741476-7F39-4C17-9806-C839A5683463}.Release|Any CPU.Build.0 = Release|Any CPU
		{7C741476-7F39-4C17-9806-C839A5683463}.Silverlight2|Any CPU.ActiveCfg = Release|Any CPU
		{7C741476-7F39-4C17-9806-C839A5683463}.Silverlight2|Any CPU.Build.0 = Release|Any CPU
		{2F293C90-1DE4-4CE1-AFA7-D0B36E0CA8A9}.Debug|Any CPU.ActiveCfg = Debug|Any CPU
		{2F293C90-1DE4-4CE1-AFA7-D0B36E0CA8A9}.Debug|Any CPU.Build.0 = Debug|Any CPU
		{2F293C90-1DE4-4CE1-AFA7-D0B36E0CA8A9}.Net20|Any CPU.ActiveCfg = Release|Any CPU
		{2F293C90-1DE4-4CE1-AFA7-D0B36E0CA8A9}.Net20|Any CPU.Build.0 = Release|Any CPU
		{2F293C90-1DE4-4CE1-AFA7-D0B36E0CA8A9}.Profile|Any CPU.ActiveCfg = Release|Any CPU
		{2F293C90-1DE4-4CE1-AFA7-D0B36E0CA8A9}.Profile|Any CPU.Build.0 = Release|Any CPU
		{2F293C90-1DE4-4CE1-AFA7-D0B36E0CA8A9}.Release|Any CPU.ActiveCfg = Release|Any CPU
		{2F293C90-1DE4-4CE1-AFA7-D0B36E0CA8A9}.Release|Any CPU.Build.0 = Release|Any CPU
		{2F293C90-1DE4-4CE1-AFA7-D0B36E0CA8A9}.Silverlight2|Any CPU.ActiveCfg = Release|Any CPU
		{2F293C90-1DE4-4CE1-AFA7-D0B36E0CA8A9}.Silverlight2|Any CPU.Build.0 = Release|Any CPU
		{414BC396-98D1-46F8-B3AA-A77CC87C7C82}.Debug|Any CPU.ActiveCfg = Debug|Any CPU
		{414BC396-98D1-46F8-B3AA-A77CC87C7C82}.Debug|Any CPU.Build.0 = Debug|Any CPU
		{414BC396-98D1-46F8-B3AA-A77CC87C7C82}.Net20|Any CPU.ActiveCfg = Release|Any CPU
		{414BC396-98D1-46F8-B3AA-A77CC87C7C82}.Net20|Any CPU.Build.0 = Release|Any CPU
		{414BC396-98D1-46F8-B3AA-A77CC87C7C82}.Profile|Any CPU.ActiveCfg = Release|Any CPU
		{414BC396-98D1-46F8-B3AA-A77CC87C7C82}.Profile|Any CPU.Build.0 = Release|Any CPU
		{414BC396-98D1-46F8-B3AA-A77CC87C7C82}.Release|Any CPU.ActiveCfg = Release|Any CPU
		{414BC396-98D1-46F8-B3AA-A77CC87C7C82}.Release|Any CPU.Build.0 = Release|Any CPU
		{414BC396-98D1-46F8-B3AA-A77CC87C7C82}.Silverlight2|Any CPU.ActiveCfg = Release|Any CPU
		{414BC396-98D1-46F8-B3AA-A77CC87C7C82}.Silverlight2|Any CPU.Build.0 = Release|Any CPU
		{472D6E77-593E-40EB-993C-5F3EE80E7231}.Debug|Any CPU.ActiveCfg = Debug|Any CPU
		{472D6E77-593E-40EB-993C-5F3EE80E7231}.Debug|Any CPU.Build.0 = Debug|Any CPU
		{472D6E77-593E-40EB-993C-5F3EE80E7231}.Net20|Any CPU.ActiveCfg = Release|Any CPU
		{472D6E77-593E-40EB-993C-5F3EE80E7231}.Net20|Any CPU.Build.0 = Release|Any CPU
		{472D6E77-593E-40EB-993C-5F3EE80E7231}.Profile|Any CPU.ActiveCfg = Release|Any CPU
		{472D6E77-593E-40EB-993C-5F3EE80E7231}.Profile|Any CPU.Build.0 = Release|Any CPU
		{472D6E77-593E-40EB-993C-5F3EE80E7231}.Release|Any CPU.ActiveCfg = Release|Any CPU
		{472D6E77-593E-40EB-993C-5F3EE80E7231}.Release|Any CPU.Build.0 = Release|Any CPU
		{472D6E77-593E-40EB-993C-5F3EE80E7231}.Silverlight2|Any CPU.ActiveCfg = Release|Any CPU
		{472D6E77-593E-40EB-993C-5F3EE80E7231}.Silverlight2|Any CPU.Build.0 = Release|Any CPU
		{5298B531-E3E3-4E3B-B8D2-62459C52163B}.Debug|Any CPU.ActiveCfg = Debug|Any CPU
		{5298B531-E3E3-4E3B-B8D2-62459C52163B}.Debug|Any CPU.Build.0 = Debug|Any CPU
		{5298B531-E3E3-4E3B-B8D2-62459C52163B}.Net20|Any CPU.ActiveCfg = Release|Any CPU
		{5298B531-E3E3-4E3B-B8D2-62459C52163B}.Net20|Any CPU.Build.0 = Release|Any CPU
		{5298B531-E3E3-4E3B-B8D2-62459C52163B}.Profile|Any CPU.ActiveCfg = Release|Any CPU
		{5298B531-E3E3-4E3B-B8D2-62459C52163B}.Profile|Any CPU.Build.0 = Release|Any CPU
		{5298B531-E3E3-4E3B-B8D2-62459C52163B}.Release|Any CPU.ActiveCfg = Release|Any CPU
		{5298B531-E3E3-4E3B-B8D2-62459C52163B}.Release|Any CPU.Build.0 = Release|Any CPU
		{5298B531-E3E3-4E3B-B8D2-62459C52163B}.Silverlight2|Any CPU.ActiveCfg = Release|Any CPU
		{5298B531-E3E3-4E3B-B8D2-62459C52163B}.Silverlight2|Any CPU.Build.0 = Release|Any CPU
		{6F537CE4-FB43-40F0-8F7C-F83BDC11CAE4}.Debug|Any CPU.ActiveCfg = Debug
		{6F537CE4-FB43-40F0-8F7C-F83BDC11CAE4}.Net20|Any CPU.ActiveCfg = Release
		{6F537CE4-FB43-40F0-8F7C-F83BDC11CAE4}.Profile|Any CPU.ActiveCfg = Release
		{6F537CE4-FB43-40F0-8F7C-F83BDC11CAE4}.Release|Any CPU.ActiveCfg = Release
		{6F537CE4-FB43-40F0-8F7C-F83BDC11CAE4}.Silverlight2|Any CPU.ActiveCfg = Release
	EndGlobalSection
	GlobalSection(SolutionProperties) = preSolution
		HideSolutionNode = FALSE
	EndGlobalSection
EndGlobal
