
Microsoft Visual Studio Solution File, Format Version 10.00
# Visual Studio 2008
Project("{FAE04EC0-301F-11D3-BF4B-00C04F79EFBC}") = "Examples", "Examples\Examples.csproj", "{816EC137-7AFD-42B3-84A1-447E33A6A8C8}"
EndProject
Project("{FAE04EC0-301F-11D3-BF4B-00C04F79EFBC}") = "DataPipeline", "DataPipeline\DataPipeline.csproj", "{C9755331-5AD9-4F99-90FC-A135FDB1151D}"
EndProject
Project("{FAE04EC0-301F-11D3-BF4B-00C04F79EFBC}") = "protobuf-net", "protobuf-net\protobuf-net.csproj", "{8649E5E9-4159-4214-B85D-4539799EB09B}"
EndProject
Project("{FAE04EC0-301F-11D3-BF4B-00C04F79EFBC}") = "protobuf-net_Silverlight", "protobuf-net_Silverlight\protobuf-net_Silverlight.csproj", "{35032FC5-65E0-4FE4-8DBC-A31F0694EC14}"
EndProject
Project("{FAE04EC0-301F-11D3-BF4B-00C04F79EFBC}") = "SilverlightSimple", "SilverlightSimple\SilverlightSimple.csproj", "{5FE155CA-0941-497F-96F4-9E23C099D06C}"
EndProject
Global
	GlobalSection(SolutionConfigurationPlatforms) = preSolution
		Debug|Any CPU = Debug|Any CPU
		Net20|Any CPU = Net20|Any CPU
		Release|Any CPU = Release|Any CPU
		Silverlight2|Any CPU = Silverlight2|Any CPU
	EndGlobalSection
	GlobalSection(ProjectConfigurationPlatforms) = postSolution
		{816EC137-7AFD-42B3-84A1-447E33A6A8C8}.Debug|Any CPU.ActiveCfg = Debug|Any CPU
		{816EC137-7AFD-42B3-84A1-447E33A6A8C8}.Debug|Any CPU.Build.0 = Debug|Any CPU
		{816EC137-7AFD-42B3-84A1-447E33A6A8C8}.Net20|Any CPU.ActiveCfg = Net20|Any CPU
		{816EC137-7AFD-42B3-84A1-447E33A6A8C8}.Net20|Any CPU.Build.0 = Net20|Any CPU
		{816EC137-7AFD-42B3-84A1-447E33A6A8C8}.Release|Any CPU.ActiveCfg = Release|Any CPU
		{816EC137-7AFD-42B3-84A1-447E33A6A8C8}.Release|Any CPU.Build.0 = Release|Any CPU
		{816EC137-7AFD-42B3-84A1-447E33A6A8C8}.Silverlight2|Any CPU.ActiveCfg = Silverlight2|Any CPU
		{816EC137-7AFD-42B3-84A1-447E33A6A8C8}.Silverlight2|Any CPU.Build.0 = Silverlight2|Any CPU
		{C9755331-5AD9-4F99-90FC-A135FDB1151D}.Debug|Any CPU.ActiveCfg = Debug|Any CPU
		{C9755331-5AD9-4F99-90FC-A135FDB1151D}.Debug|Any CPU.Build.0 = Debug|Any CPU
		{C9755331-5AD9-4F99-90FC-A135FDB1151D}.Net20|Any CPU.ActiveCfg = Release|Any CPU
		{C9755331-5AD9-4F99-90FC-A135FDB1151D}.Net20|Any CPU.Build.0 = Release|Any CPU
		{C9755331-5AD9-4F99-90FC-A135FDB1151D}.Release|Any CPU.ActiveCfg = Release|Any CPU
		{C9755331-5AD9-4F99-90FC-A135FDB1151D}.Release|Any CPU.Build.0 = Release|Any CPU
		{C9755331-5AD9-4F99-90FC-A135FDB1151D}.Silverlight2|Any CPU.ActiveCfg = Silverlight2|Any CPU
		{C9755331-5AD9-4F99-90FC-A135FDB1151D}.Silverlight2|Any CPU.Build.0 = Silverlight2|Any CPU
		{8649E5E9-4159-4214-B85D-4539799EB09B}.Debug|Any CPU.ActiveCfg = Debug|Any CPU
		{8649E5E9-4159-4214-B85D-4539799EB09B}.Debug|Any CPU.Build.0 = Debug|Any CPU
		{8649E5E9-4159-4214-B85D-4539799EB09B}.Net20|Any CPU.ActiveCfg = Net20|Any CPU
		{8649E5E9-4159-4214-B85D-4539799EB09B}.Net20|Any CPU.Build.0 = Net20|Any CPU
		{8649E5E9-4159-4214-B85D-4539799EB09B}.Release|Any CPU.ActiveCfg = Release|Any CPU
		{8649E5E9-4159-4214-B85D-4539799EB09B}.Release|Any CPU.Build.0 = Release|Any CPU
		{8649E5E9-4159-4214-B85D-4539799EB09B}.Silverlight2|Any CPU.ActiveCfg = Silverlight2|Any CPU
		{8649E5E9-4159-4214-B85D-4539799EB09B}.Silverlight2|Any CPU.Build.0 = Silverlight2|Any CPU
		{35032FC5-65E0-4FE4-8DBC-A31F0694EC14}.Debug|Any CPU.ActiveCfg = Debug|Any CPU
		{35032FC5-65E0-4FE4-8DBC-A31F0694EC14}.Debug|Any CPU.Build.0 = Debug|Any CPU
		{35032FC5-65E0-4FE4-8DBC-A31F0694EC14}.Net20|Any CPU.ActiveCfg = Release|Any CPU
		{35032FC5-65E0-4FE4-8DBC-A31F0694EC14}.Net20|Any CPU.Build.0 = Release|Any CPU
		{35032FC5-65E0-4FE4-8DBC-A31F0694EC14}.Release|Any CPU.ActiveCfg = Release|Any CPU
		{35032FC5-65E0-4FE4-8DBC-A31F0694EC14}.Release|Any CPU.Build.0 = Release|Any CPU
		{35032FC5-65E0-4FE4-8DBC-A31F0694EC14}.Silverlight2|Any CPU.ActiveCfg = Release|Any CPU
		{35032FC5-65E0-4FE4-8DBC-A31F0694EC14}.Silverlight2|Any CPU.Build.0 = Release|Any CPU
		{5FE155CA-0941-497F-96F4-9E23C099D06C}.Debug|Any CPU.ActiveCfg = Debug|Any CPU
		{5FE155CA-0941-497F-96F4-9E23C099D06C}.Debug|Any CPU.Build.0 = Debug|Any CPU
		{5FE155CA-0941-497F-96F4-9E23C099D06C}.Net20|Any CPU.ActiveCfg = Release|Any CPU
		{5FE155CA-0941-497F-96F4-9E23C099D06C}.Net20|Any CPU.Build.0 = Release|Any CPU
		{5FE155CA-0941-497F-96F4-9E23C099D06C}.Release|Any CPU.ActiveCfg = Release|Any CPU
		{5FE155CA-0941-497F-96F4-9E23C099D06C}.Release|Any CPU.Build.0 = Release|Any CPU
		{5FE155CA-0941-497F-96F4-9E23C099D06C}.Silverlight2|Any CPU.ActiveCfg = Release|Any CPU
		{5FE155CA-0941-497F-96F4-9E23C099D06C}.Silverlight2|Any CPU.Build.0 = Release|Any CPU
	EndGlobalSection
	GlobalSection(SolutionProperties) = preSolution
		HideSolutionNode = FALSE
	EndGlobalSection
EndGlobal
