
Microsoft Visual Studio Solution File, Format Version 12.00
# Visual Studio 14
VisualStudioVersion = 14.0.25420.1
MinimumVisualStudioVersion = 10.0.40219.1
Project("{8BB2217D-0F2D-49D1-97BC-3654ED321F3B}") = "protobuf_net", "protobuf-net\protobuf_net.xproj", "{78359FF6-546B-4940-894F-C0B27D7CEEFB}"
EndProject
Project("{8BB2217D-0F2D-49D1-97BC-3654ED321F3B}") = "Tests.Dnx", "Tests.Dnx\Tests.Dnx.xproj", "{4C8E5D0A-A13F-4B68-89BC-B20583D42C56}"
EndProject
Project("{2150E333-8FDC-42A3-9474-1A3956D46DE8}") = "Solution Items", "Solution Items", "{62226486-5348-447B-BE35-1BA3D7DFA0DB}"
	ProjectSection(SolutionItems) = preProject
		global.json = global.json
		NuGet.Config = NuGet.Config
	EndProjectSection
EndProject
Project("{2150E333-8FDC-42A3-9474-1A3956D46DE8}") = "unittest", "unittest", "{2CA03836-E899-4E97-BD0C-BBB31F12CB2E}"
	ProjectSection(SolutionItems) = preProject
		protobuf-net.unittest\FX11.cs = protobuf-net.unittest\FX11.cs
		protobuf-net.unittest\PEVerify.cs = protobuf-net.unittest\PEVerify.cs
	EndProjectSection
	ProjectSection(FolderStartupServices) = postProject
		{82A7F48D-3B50-4B1E-B82E-3ADA8210C358} = {82A7F48D-3B50-4B1E-B82E-3ADA8210C358}
	EndProjectSection
EndProject
Project("{2150E333-8FDC-42A3-9474-1A3956D46DE8}") = "Meta", "Meta", "{75F18274-CE92-46B5-B417-2336725B7410}"
	ProjectSection(SolutionItems) = preProject
		protobuf-net.unittest\Meta\AbstractListsWithInheritance.cs = protobuf-net.unittest\Meta\AbstractListsWithInheritance.cs
		protobuf-net.unittest\Meta\Basic.cs = protobuf-net.unittest\Meta\Basic.cs
		protobuf-net.unittest\Meta\Callbacks.cs = protobuf-net.unittest\Meta\Callbacks.cs
		protobuf-net.unittest\Meta\Enums.cs = protobuf-net.unittest\Meta\Enums.cs
		protobuf-net.unittest\Meta\Guids.cs = protobuf-net.unittest\Meta\Guids.cs
		protobuf-net.unittest\Meta\Inheritance.cs = protobuf-net.unittest\Meta\Inheritance.cs
		protobuf-net.unittest\Meta\Interfaces.cs = protobuf-net.unittest\Meta\Interfaces.cs
		protobuf-net.unittest\Meta\Lists.cs = protobuf-net.unittest\Meta\Lists.cs
		protobuf-net.unittest\Meta\LockContention.cs = protobuf-net.unittest\Meta\LockContention.cs
		protobuf-net.unittest\Meta\PocoStruct.cs = protobuf-net.unittest\Meta\PocoStruct.cs
		protobuf-net.unittest\Meta\Struct.cs = protobuf-net.unittest\Meta\Struct.cs
		protobuf-net.unittest\Meta\SubItems.cs = protobuf-net.unittest\Meta\SubItems.cs
		protobuf-net.unittest\Meta\ThreadRace.cs = protobuf-net.unittest\Meta\ThreadRace.cs
	EndProjectSection
	ProjectSection(FolderStartupServices) = postProject
		{82A7F48D-3B50-4B1E-B82E-3ADA8210C358} = {82A7F48D-3B50-4B1E-B82E-3ADA8210C358}
	EndProjectSection
EndProject
Project("{2150E333-8FDC-42A3-9474-1A3956D46DE8}") = "Issues", "Issues", "{4A8F9BB9-A0A5-438D-A385-E076659D3AEB}"
	ProjectSection(SolutionItems) = preProject
		protobuf-net.unittest\Issues\SO8933251.cs = protobuf-net.unittest\Issues\SO8933251.cs
		protobuf-net.unittest\Issues\TurkishL.cs = protobuf-net.unittest\Issues\TurkishL.cs
	EndProjectSection
	ProjectSection(FolderStartupServices) = postProject
		{82A7F48D-3B50-4B1E-B82E-3ADA8210C358} = {82A7F48D-3B50-4B1E-B82E-3ADA8210C358}
	EndProjectSection
EndProject
Project("{2150E333-8FDC-42A3-9474-1A3956D46DE8}") = "Attribs", "Attribs", "{19031929-7E15-4063-AC2D-85AD83C59549}"
	ProjectSection(SolutionItems) = preProject
		protobuf-net.unittest\Attribs\Basic.cs = protobuf-net.unittest\Attribs\Basic.cs
		protobuf-net.unittest\Attribs\ComplexMultiTypes.cs = protobuf-net.unittest\Attribs\ComplexMultiTypes.cs
		protobuf-net.unittest\Attribs\MultiTypes.cs = protobuf-net.unittest\Attribs\MultiTypes.cs
		protobuf-net.unittest\Attribs\PointStruct.cs = protobuf-net.unittest\Attribs\PointStruct.cs
	EndProjectSection
	ProjectSection(FolderStartupServices) = postProject
		{82A7F48D-3B50-4B1E-B82E-3ADA8210C358} = {82A7F48D-3B50-4B1E-B82E-3ADA8210C358}
	EndProjectSection
EndProject
Project("{2150E333-8FDC-42A3-9474-1A3956D46DE8}") = "Serializers", "Serializers", "{CBA373BE-75E5-4246-B795-D0E3F64684B7}"
	ProjectSection(SolutionItems) = preProject
		protobuf-net.unittest\Serializers\DateTimeTests.cs = protobuf-net.unittest\Serializers\DateTimeTests.cs
		protobuf-net.unittest\Serializers\KeyValuePairTests.cs = protobuf-net.unittest\Serializers\KeyValuePairTests.cs
		protobuf-net.unittest\Serializers\NilSerializer.cs = protobuf-net.unittest\Serializers\NilSerializer.cs
		protobuf-net.unittest\Serializers\SubItems.cs = protobuf-net.unittest\Serializers\SubItems.cs
		protobuf-net.unittest\Serializers\Tag.cs = protobuf-net.unittest\Serializers\Tag.cs
		protobuf-net.unittest\Serializers\Util.cs = protobuf-net.unittest\Serializers\Util.cs
		protobuf-net.unittest\Serializers\Writer.cs = protobuf-net.unittest\Serializers\Writer.cs
	EndProjectSection
	ProjectSection(FolderStartupServices) = postProject
		{82A7F48D-3B50-4B1E-B82E-3ADA8210C358} = {82A7F48D-3B50-4B1E-B82E-3ADA8210C358}
	EndProjectSection
EndProject
Project("{2150E333-8FDC-42A3-9474-1A3956D46DE8}") = "ThirdParty", "ThirdParty", "{59288511-676B-412B-9A8D-3AAA3676E375}"
	ProjectSection(SolutionItems) = preProject
		protobuf-net.unittest\ThirdParty\NHibernateProxies.cs = protobuf-net.unittest\ThirdParty\NHibernateProxies.cs
	EndProjectSection
EndProject
Project("{2150E333-8FDC-42A3-9474-1A3956D46DE8}") = "Examples", "Examples", "{C158F10D-3577-47FA-94BC-AB085DFFAFD2}"
	ProjectSection(SolutionItems) = preProject
		Examples\Arrays.cs = Examples\Arrays.cs
		Examples\AutoFields.cs = Examples\AutoFields.cs
		Examples\AutoTuple.cs = Examples\AutoTuple.cs
		Examples\Callbacks.cs = Examples\Callbacks.cs
		Examples\ComparisonToNDCS.cs = Examples\ComparisonToNDCS.cs
		Examples\DataMemberOffset.cs = Examples\DataMemberOffset.cs
		Examples\DetectMissing.cs = Examples\DetectMissing.cs
		Examples\DictionaryTests.cs = Examples\DictionaryTests.cs
		Examples\DynamicIFormatter.cs = Examples\DynamicIFormatter.cs
		Examples\EnumTests.cs = Examples\EnumTests.cs
		Examples\Examples.csproj = Examples\Examples.csproj
		Examples\ExtendedTimeTests.cs = Examples\ExtendedTimeTests.cs
		Examples\Extensibility.cs = Examples\Extensibility.cs
		Examples\Fields.cs = Examples\Fields.cs
		Examples\GuidTests.cs = Examples\GuidTests.cs
		Examples\ImmutableCollections.cs = Examples\ImmutableCollections.cs
		Examples\Inheritance.cs = Examples\Inheritance.cs
		Examples\InheritanceMidLevel.cs = Examples\InheritanceMidLevel.cs
		Examples\InternerTests.cs = Examples\InternerTests.cs
		Examples\ItemsWithLengthPrefix.cs = Examples\ItemsWithLengthPrefix.cs
		Examples\ListAsInterfaceTests.cs = Examples\ListAsInterfaceTests.cs
		Examples\ListsWithInheritance.cs = Examples\ListsWithInheritance.cs
		Examples\ListTests.cs = Examples\ListTests.cs
		Examples\memcached.cs = Examples\memcached.cs
		Examples\MultiTypesWithLengthPrefix.cs = Examples\MultiTypesWithLengthPrefix.cs
		Examples\NetObjectOptions.cs = Examples\NetObjectOptions.cs
		Examples\NonGeneric.cs = Examples\NonGeneric.cs
		Examples\NonPublic_Compile.cs = Examples\NonPublic_Compile.cs
		Examples\NonSeekableStreams.cs = Examples\NonSeekableStreams.cs
		Examples\OldProgram.cs = Examples\OldProgram.cs
		Examples\OptionalData.cs = Examples\OptionalData.cs
		Examples\packages.config = Examples\packages.config
		Examples\Parseable.cs = Examples\Parseable.cs
		Examples\PartialClasses.cs = Examples\PartialClasses.cs
		Examples\person.cs = Examples\person.cs
		Examples\PEVerify.cs = Examples\PEVerify.cs
		Examples\Pipeline.cs = Examples\Pipeline.cs
		Examples\Primatives.cs = Examples\Primatives.cs
		Examples\PrimativeSerializationTests.cs = Examples\PrimativeSerializationTests.cs
		Examples\Program.cs = Examples\Program.cs
		Examples\ProtoGeneration.cs = Examples\ProtoGeneration.cs
		Examples\Recursion.cs = Examples\Recursion.cs
		Examples\Remoting.cs = Examples\Remoting.cs
		Examples\Rpc.cs = Examples\Rpc.cs
		Examples\RpcTest.cs = Examples\RpcTest.cs
		Examples\ShadowSetters.cs = Examples\ShadowSetters.cs
		Examples\StupidlyComplexModel.cs = Examples\StupidlyComplexModel.cs
		Examples\TagInference.cs = Examples\TagInference.cs
		Examples\TraceError.cs = Examples\TraceError.cs
		Examples\Tuples.cs = Examples\Tuples.cs
		Examples\Type.cs = Examples\Type.cs
		Examples\TypeFactory.cs = Examples\TypeFactory.cs
		Examples\UnwrappedOuters.cs = Examples\UnwrappedOuters.cs
		Examples\ValueWrapper.cs = Examples\ValueWrapper.cs
		Examples\WcfProtoBridge.cs = Examples\WcfProtoBridge.cs
	EndProjectSection
	ProjectSection(FolderStartupServices) = postProject
		{82A7F48D-3B50-4B1E-B82E-3ADA8210C358} = {82A7F48D-3B50-4B1E-B82E-3ADA8210C358}
	EndProjectSection
EndProject
Project("{2150E333-8FDC-42A3-9474-1A3956D46DE8}") = "DesignIdeas", "DesignIdeas", "{5BA84B84-FCCB-427C-BDEF-1FEE09341E69}"
	ProjectSection(SolutionItems) = preProject
		Examples\DesignIdeas\Inheritance.cs = Examples\DesignIdeas\Inheritance.cs
	EndProjectSection
	ProjectSection(FolderStartupServices) = postProject
		{82A7F48D-3B50-4B1E-B82E-3ADA8210C358} = {82A7F48D-3B50-4B1E-B82E-3ADA8210C358}
	EndProjectSection
EndProject
Project("{2150E333-8FDC-42A3-9474-1A3956D46DE8}") = "NWind", "NWind", "{3B4E7411-567A-4378-8378-087676FBDB6B}"
	ProjectSection(SolutionItems) = preProject
		Examples\NWind\CompatDb.cs = Examples\NWind\CompatDb.cs
		Examples\NWind\DataContext.cs = Examples\NWind\DataContext.cs
		Examples\NWind\NWind.cs = Examples\NWind\NWind.cs
	EndProjectSection
EndProject
Project("{2150E333-8FDC-42A3-9474-1A3956D46DE8}") = "Issues", "Issues", "{1B28C8FC-C206-4B81-ABF6-1425A274B047}"
	ProjectSection(SolutionItems) = preProject
		Examples\Issues\AssortedGoLiveRegressions.cs = Examples\Issues\AssortedGoLiveRegressions.cs
		Examples\Issues\DeserializeExtensible.cs = Examples\Issues\DeserializeExtensible.cs
		Examples\Issues\Issue124.cs = Examples\Issues\Issue124.cs
		Examples\Issues\Issue152.cs = Examples\Issues\Issue152.cs
		Examples\Issues\Issue167.cs = Examples\Issues\Issue167.cs
		Examples\Issues\Issue170.cs = Examples\Issues\Issue170.cs
		Examples\Issues\Issue174cs.cs = Examples\Issues\Issue174cs.cs
		Examples\Issues\Issue176.cs = Examples\Issues\Issue176.cs
		Examples\Issues\Issue184.cs = Examples\Issues\Issue184.cs
		Examples\Issues\Issue185.cs = Examples\Issues\Issue185.cs
		Examples\Issues\Issue191.cs = Examples\Issues\Issue191.cs
		Examples\Issues\Issue192.cs = Examples\Issues\Issue192.cs
		Examples\Issues\Issue199.cs = Examples\Issues\Issue199.cs
		Examples\Issues\Issue202.cs = Examples\Issues\Issue202.cs
		Examples\Issues\Issue203.cs = Examples\Issues\Issue203.cs
		Examples\Issues\Issue218.cs = Examples\Issues\Issue218.cs
		Examples\Issues\Issue222.cs = Examples\Issues\Issue222.cs
		Examples\Issues\Issue243.cs = Examples\Issues\Issue243.cs
		Examples\Issues\Issue26.cs = Examples\Issues\Issue26.cs
		Examples\Issues\Issue264.cs = Examples\Issues\Issue264.cs
		Examples\Issues\Issue265.cs = Examples\Issues\Issue265.cs
		Examples\Issues\Issue266.cs = Examples\Issues\Issue266.cs
		Examples\Issues\Issue27.cs = Examples\Issues\Issue27.cs
		Examples\Issues\Issue284.cs = Examples\Issues\Issue284.cs
		Examples\Issues\Issue29.cs = Examples\Issues\Issue29.cs
		Examples\Issues\Issue295.cs = Examples\Issues\Issue295.cs
		Examples\Issues\Issue297.cs = Examples\Issues\Issue297.cs
		Examples\Issues\Issue302.cs = Examples\Issues\Issue302.cs
		Examples\Issues\Issue303.cs = Examples\Issues\Issue303.cs
		Examples\Issues\Issue304.cs = Examples\Issues\Issue304.cs
		Examples\Issues\Issue306.cs = Examples\Issues\Issue306.cs
		Examples\Issues\Issue307.cs = Examples\Issues\Issue307.cs
		Examples\Issues\Issue310.cs = Examples\Issues\Issue310.cs
		Examples\Issues\Issue312.cs = Examples\Issues\Issue312.cs
		Examples\Issues\Issue316.cs = Examples\Issues\Issue316.cs
		Examples\Issues\Issue32.cs = Examples\Issues\Issue32.cs
		Examples\Issues\Issue329.cs = Examples\Issues\Issue329.cs
		Examples\Issues\Issue331.cs = Examples\Issues\Issue331.cs
		Examples\Issues\Issue354.cs = Examples\Issues\Issue354.cs
		Examples\Issues\Issue356.cs = Examples\Issues\Issue356.cs
		Examples\Issues\Issue367.cs = Examples\Issues\Issue367.cs
		Examples\Issues\Issue41.cs = Examples\Issues\Issue41.cs
		Examples\Issues\Issue44.cs = Examples\Issues\Issue44.cs
		Examples\Issues\Issue45.cs = Examples\Issues\Issue45.cs
		Examples\Issues\Issue48.cs = Examples\Issues\Issue48.cs
		Examples\Issues\Issue54.cs = Examples\Issues\Issue54.cs
		Examples\Issues\Issue62.cs = Examples\Issues\Issue62.cs
		Examples\Issues\Issue70.cs = Examples\Issues\Issue70.cs
		Examples\Issues\Issue79.cs = Examples\Issues\Issue79.cs
		Examples\Issues\Issue80.cs = Examples\Issues\Issue80.cs
		Examples\Issues\MB.cs = Examples\Issues\MB.cs
		Examples\Issues\MissingBaseTypes.cs = Examples\Issues\MissingBaseTypes.cs
		Examples\Issues\SO10115538.cs = Examples\Issues\SO10115538.cs
		Examples\Issues\SO10841807.cs = Examples\Issues\SO10841807.cs
		Examples\Issues\SO11034791.cs = Examples\Issues\SO11034791.cs
		Examples\Issues\SO11080108.cs = Examples\Issues\SO11080108.cs
		Examples\Issues\SO11317045.cs = Examples\Issues\SO11317045.cs
		Examples\Issues\SO11564914.cs = Examples\Issues\SO11564914.cs
		Examples\Issues\SO11641262.cs = Examples\Issues\SO11641262.cs
		Examples\Issues\SO11656439.cs = Examples\Issues\SO11656439.cs
		Examples\Issues\SO11657482.cs = Examples\Issues\SO11657482.cs
		Examples\Issues\SO11705351.cs = Examples\Issues\SO11705351.cs
		Examples\Issues\SO11730610.cs = Examples\Issues\SO11730610.cs
		Examples\Issues\SO11871726.cs = Examples\Issues\SO11871726.cs
		Examples\Issues\SO11896228.cs = Examples\Issues\SO11896228.cs
		Examples\Issues\SO12040007.cs = Examples\Issues\SO12040007.cs
		Examples\Issues\SO12475521.cs = Examples\Issues\SO12475521.cs
		Examples\Issues\SO13162642.cs = Examples\Issues\SO13162642.cs
		Examples\Issues\SO13275299.cs = Examples\Issues\SO13275299.cs
		Examples\Issues\SO13783894.cs = Examples\Issues\SO13783894.cs
		Examples\Issues\SO13802844.cs = Examples\Issues\SO13802844.cs
		Examples\Issues\SO14020284.cs = Examples\Issues\SO14020284.cs
		Examples\Issues\SO14048958.cs = Examples\Issues\SO14048958.cs
		Examples\Issues\SO14436606.cs = Examples\Issues\SO14436606.cs
		Examples\Issues\SO14532116.cs = Examples\Issues\SO14532116.cs
		Examples\Issues\SO14540862.cs = Examples\Issues\SO14540862.cs
		Examples\Issues\SO15794274.cs = Examples\Issues\SO15794274.cs
		Examples\Issues\SO16756104.cs = Examples\Issues\SO16756104.cs
		Examples\Issues\SO16797650.cs = Examples\Issues\SO16797650.cs
		Examples\Issues\SO16803233.cs = Examples\Issues\SO16803233.cs
		Examples\Issues\SO16838287.cs = Examples\Issues\SO16838287.cs
		Examples\Issues\SO17040488.cs = Examples\Issues\SO17040488.cs
		Examples\Issues\SO17245073.cs = Examples\Issues\SO17245073.cs
		Examples\Issues\SO18277323.cs = Examples\Issues\SO18277323.cs
		Examples\Issues\SO18650486.cs = Examples\Issues\SO18650486.cs
		Examples\Issues\SO18663361.cs = Examples\Issues\SO18663361.cs
		Examples\Issues\SO18695728.cs = Examples\Issues\SO18695728.cs
		Examples\Issues\SO19161823.cs = Examples\Issues\SO19161823.cs
		Examples\Issues\SO1930209.cs = Examples\Issues\SO1930209.cs
		Examples\Issues\SO3083847.cs = Examples\Issues\SO3083847.cs
		Examples\Issues\SO3101816.cs = Examples\Issues\SO3101816.cs
		Examples\Issues\SO3261310.cs = Examples\Issues\SO3261310.cs
		Examples\Issues\SO6109616.cs = Examples\Issues\SO6109616.cs
		Examples\Issues\SO6115986.cs = Examples\Issues\SO6115986.cs
		Examples\Issues\SO6127380.cs = Examples\Issues\SO6127380.cs
		Examples\Issues\SO6174298.cs = Examples\Issues\SO6174298.cs
		Examples\Issues\SO6230449.cs = Examples\Issues\SO6230449.cs
		Examples\Issues\SO6407130.cs = Examples\Issues\SO6407130.cs
		Examples\Issues\SO6476958.cs = Examples\Issues\SO6476958.cs
		Examples\Issues\SO6478579.cs = Examples\Issues\SO6478579.cs
		Examples\Issues\SO6505590.cs = Examples\Issues\SO6505590.cs
		Examples\Issues\SO6651451.cs = Examples\Issues\SO6651451.cs
		Examples\Issues\SO6671829.cs = Examples\Issues\SO6671829.cs
		Examples\Issues\SO7064824.cs = Examples\Issues\SO7064824.cs
		Examples\Issues\SO7078615.cs = Examples\Issues\SO7078615.cs
		Examples\Issues\SO7120856.cs = Examples\Issues\SO7120856.cs
		Examples\Issues\SO7218127.cs = Examples\Issues\SO7218127.cs
		Examples\Issues\SO7219959.cs = Examples\Issues\SO7219959.cs
		Examples\Issues\SO7333233.cs = Examples\Issues\SO7333233.cs
		Examples\Issues\SO7347694.cs = Examples\Issues\SO7347694.cs
		Examples\Issues\SO7654066.cs = Examples\Issues\SO7654066.cs
		Examples\Issues\SO7686734.cs = Examples\Issues\SO7686734.cs
		Examples\Issues\SO7719000.cs = Examples\Issues\SO7719000.cs
		Examples\Issues\SO7727355.cs = Examples\Issues\SO7727355.cs
		Examples\Issues\SO7793527.cs = Examples\Issues\SO7793527.cs
		Examples\Issues\SO8093623.cs = Examples\Issues\SO8093623.cs
		Examples\Issues\SO8466936.cs = Examples\Issues\SO8466936.cs
		Examples\Issues\SO9144967.cs = Examples\Issues\SO9144967.cs
		Examples\Issues\SO9151111.cs = Examples\Issues\SO9151111.cs
		Examples\Issues\SO9151111b.cs = Examples\Issues\SO9151111b.cs
		Examples\Issues\SO9398578.cs = Examples\Issues\SO9398578.cs
		Examples\Issues\SO9408133.cs = Examples\Issues\SO9408133.cs
		Examples\Issues\SO9491933.cs = Examples\Issues\SO9491933.cs
		Examples\Issues\SurrogateForObjectUsage.cs = Examples\Issues\SurrogateForObjectUsage.cs
	EndProjectSection
EndProject
Global
	GlobalSection(SolutionConfigurationPlatforms) = preSolution
		Debug|Any CPU = Debug|Any CPU
		Release|Any CPU = Release|Any CPU
	EndGlobalSection
	GlobalSection(ProjectConfigurationPlatforms) = postSolution
		{78359FF6-546B-4940-894F-C0B27D7CEEFB}.Debug|Any CPU.ActiveCfg = Debug|Any CPU
		{78359FF6-546B-4940-894F-C0B27D7CEEFB}.Debug|Any CPU.Build.0 = Debug|Any CPU
		{78359FF6-546B-4940-894F-C0B27D7CEEFB}.Release|Any CPU.ActiveCfg = Release|Any CPU
		{78359FF6-546B-4940-894F-C0B27D7CEEFB}.Release|Any CPU.Build.0 = Release|Any CPU
		{4C8E5D0A-A13F-4B68-89BC-B20583D42C56}.Debug|Any CPU.ActiveCfg = Debug|Any CPU
		{4C8E5D0A-A13F-4B68-89BC-B20583D42C56}.Debug|Any CPU.Build.0 = Debug|Any CPU
		{4C8E5D0A-A13F-4B68-89BC-B20583D42C56}.Release|Any CPU.ActiveCfg = Release|Any CPU
		{4C8E5D0A-A13F-4B68-89BC-B20583D42C56}.Release|Any CPU.Build.0 = Release|Any CPU
	EndGlobalSection
	GlobalSection(SolutionProperties) = preSolution
		HideSolutionNode = FALSE
	EndGlobalSection
	GlobalSection(NestedProjects) = preSolution
		{75F18274-CE92-46B5-B417-2336725B7410} = {2CA03836-E899-4E97-BD0C-BBB31F12CB2E}
		{4A8F9BB9-A0A5-438D-A385-E076659D3AEB} = {2CA03836-E899-4E97-BD0C-BBB31F12CB2E}
		{19031929-7E15-4063-AC2D-85AD83C59549} = {2CA03836-E899-4E97-BD0C-BBB31F12CB2E}
		{CBA373BE-75E5-4246-B795-D0E3F64684B7} = {2CA03836-E899-4E97-BD0C-BBB31F12CB2E}
		{59288511-676B-412B-9A8D-3AAA3676E375} = {2CA03836-E899-4E97-BD0C-BBB31F12CB2E}
		{5BA84B84-FCCB-427C-BDEF-1FEE09341E69} = {C158F10D-3577-47FA-94BC-AB085DFFAFD2}
		{3B4E7411-567A-4378-8378-087676FBDB6B} = {C158F10D-3577-47FA-94BC-AB085DFFAFD2}
		{1B28C8FC-C206-4B81-ABF6-1425A274B047} = {C158F10D-3577-47FA-94BC-AB085DFFAFD2}
	EndGlobalSection
EndGlobal
