
Microsoft Visual Studio Solution File, Format Version 11.00
# Visual Studio 2010
Project("{2150E333-8FDC-42A3-9474-1A3956D46DE8}") = "Solution Items", "Solution Items", "{79F36A47-30CF-4FEB-ADA5-BE09B05AF9D6}"
	ProjectSection(SolutionItems) = preProject
		..\wiki\ChangeHistory.wiki = ..\wiki\ChangeHistory.wiki
		StartHere.txt = StartHere.txt
	EndProjectSection
EndProject
Project("{2150E333-8FDC-42A3-9474-1A3956D46DE8}") = "AltBuilds", "AltBuilds", "{71D3E579-BBA2-4020-B3F2-804481770FD2}"
EndProject
Project("{2150E333-8FDC-42A3-9474-1A3956D46DE8}") = "Samples", "Samples", "{58597FF0-C3FC-4D16-9004-1CFBA924161C}"
EndProject
Project("{2150E333-8FDC-42A3-9474-1A3956D46DE8}") = "CodeGen", "CodeGen", "{E769FD52-855E-4FD1-A3D5-C86209E4B692}"
EndProject
Project("{2150E333-8FDC-42A3-9474-1A3956D46DE8}") = "Core", "Core", "{A923E15B-C9C7-4A7A-8211-8AEDA2F3F68F}"
EndProject
Project("{2150E333-8FDC-42A3-9474-1A3956D46DE8}") = "WcfEndpoint", "WcfEndpoint", "{A3717935-081E-4338-A50B-DCF0B28D7464}"
	ProjectSection(SolutionItems) = preProject
		Info.txt = Info.txt
	EndProjectSection
EndProject
Project("{FAE04EC0-301F-11D3-BF4B-00C04F79EFBC}") = "Examples", "Examples\Examples.csproj", "{816EC137-7AFD-42B3-84A1-447E33A6A8C8}"
EndProject
Project("{FAE04EC0-301F-11D3-BF4B-00C04F79EFBC}") = "protobuf-net", "protobuf-net\protobuf-net.csproj", "{8374E4D7-2A91-48F1-9360-09B09CF27C3F}"
EndProject
Project("{00000000-0000-0000-0000-000000000000}") = "protobuf-net_Silverlight", "protobuf-net_Silverlight\protobuf-net_Silverlight.csproj", "{35032FC5-65E0-4FE4-8DBC-A31F0694EC14}"
EndProject
Project("{00000000-0000-0000-0000-000000000000}") = "SilverlightExtended", "SilverlightExtended\SilverlightExtended.csproj", "{05A18144-D234-46D7-A36C-CD45BA884746}"
EndProject
Project("{FAE04EC0-301F-11D3-BF4B-00C04F79EFBC}") = "QuickStart", "QuickStart\QuickStart.csproj", "{65A793DB-49B9-4563-B028-BDF958A915CE}"
EndProject
Project("{FAE04EC0-301F-11D3-BF4B-00C04F79EFBC}") = "ProtoGen", "ProtoGen\ProtoGen.csproj", "{F6CBE303-3B5F-4CCC-B0B7-D81A6BD462C9}"
EndProject
Project("{FAE04EC0-301F-11D3-BF4B-00C04F79EFBC}") = "LateLoaded", "LateLoaded\LateLoaded.csproj", "{E1EB9E1A-8BC0-4DA8-983A-6896F523BEE3}"
EndProject
Project("{FAE04EC0-301F-11D3-BF4B-00C04F79EFBC}") = "protobuf-net.Extensions", "protobuf-net.Extensions\protobuf-net.Extensions.csproj", "{927AB924-08B5-4629-B505-3BC78A61B0D6}"
EndProject
Project("{00000000-0000-0000-0000-000000000000}") = "demo-rpc-client-silverlight", "demo-rpc-client-silverlight\demo-rpc-client-silverlight.csproj", "{7C741476-7F39-4C17-9806-C839A5683463}"
EndProject
Project("{F184B08F-C81C-45F6-A57F-5ABD9991F28F}") = "VBTestRig", "VBTestRig\VBTestRig.vbproj", "{5298B531-E3E3-4E3B-B8D2-62459C52163B}"
EndProject
Project("{00000000-0000-0000-0000-000000000000}") = "TestWcfServer", "TestWcfServer\TestWcfServer.csproj", "{C89574F5-DC36-41D7-8F83-4100C58A9441}"
EndProject
Project("{FAE04EC0-301F-11D3-BF4B-00C04F79EFBC}") = "TestWcfClient", "TestWcfClient\TestWcfClient.csproj", "{2D434050-3A61-498B-A740-2CD2DC2631EF}"
	ProjectSection(ProjectDependencies) = postProject
		{C89574F5-DC36-41D7-8F83-4100C58A9441} = {C89574F5-DC36-41D7-8F83-4100C58A9441}
	EndProjectSection
EndProject
Project("{FAE04EC0-301F-11D3-BF4B-00C04F79EFBC}") = "TestWcfDto", "TestWcfDto\TestWcfDto.csproj", "{1A08F440-53DC-4C42-9CD1-C1507E5036A7}"
EndProject
Project("{FAE04EC0-301F-11D3-BF4B-00C04F79EFBC}") = "protobuf-net.unittest", "protobuf-net.unittest\protobuf-net.unittest.csproj", "{7ABED973-7C99-4884-A2AE-96AF4658100C}"
EndProject
Project("{FAE04EC0-301F-11D3-BF4B-00C04F79EFBC}") = "FX11", "FX11\FX11.csproj", "{68ACA9F0-DB63-492B-8BBE-B99874D54B55}"
EndProject
Project("{FAE04EC0-301F-11D3-BF4B-00C04F79EFBC}") = "SampleDto", "SampleDto\SampleDto.csproj", "{8D53345D-C5D6-4510-8FDB-B6D8A63D65AE}"
EndProject
Project("{FAE04EC0-301F-11D3-BF4B-00C04F79EFBC}") = "ProtoBufGenerator", "ProtoBufGenerator\ProtoBufGenerator.csproj", "{472D6E77-593E-40EB-993C-5F3EE80E7231}"
EndProject
Project("{FAE04EC0-301F-11D3-BF4B-00C04F79EFBC}") = "protobuf-net_MonoDroid", "protobuf-net_MonoDroid\protobuf-net_MonoDroid.csproj", "{1F3DAD34-F2EF-402B-9D50-F106B4457B33}"
EndProject
Project("{FAE04EC0-301F-11D3-BF4B-00C04F79EFBC}") = "MonoDroid_DevRig", "MonoDroid_DevRig\MonoDroid_DevRig.csproj", "{BF5D8195-98C1-48E0-B10C-7133B1E61FF4}"
EndProject
Project("{2150E333-8FDC-42A3-9474-1A3956D46DE8}") = "Test Rig", "Test Rig", "{F6EBB789-F278-4AAC-90F0-BA0B4C2CBA18}"
EndProject
Project("{FAE04EC0-301F-11D3-BF4B-00C04F79EFBC}") = "MonoDto", "MonoDto\MonoDto.csproj", "{2B054760-E46B-430B-885D-38E73DBAD3AC}"
EndProject
Project("{FAE04EC0-301F-11D3-BF4B-00C04F79EFBC}") = "MonoSerBuilder", "MonoSerBuilder\MonoSerBuilder.csproj", "{023153EE-457C-42AE-AB01-A37A1AB2AFC1}"
EndProject
Global
	GlobalSection(SolutionConfigurationPlatforms) = preSolution
		Debug|Any CPU = Debug|Any CPU
		Debug|Mixed Platforms = Debug|Mixed Platforms
		Debug|x86 = Debug|x86
		Net20|Any CPU = Net20|Any CPU
		Net20|Mixed Platforms = Net20|Mixed Platforms
		Net20|x86 = Net20|x86
		Profile|Any CPU = Profile|Any CPU
		Profile|Mixed Platforms = Profile|Mixed Platforms
		Profile|x86 = Profile|x86
		Release|Any CPU = Release|Any CPU
		Release|Mixed Platforms = Release|Mixed Platforms
		Release|x86 = Release|x86
		Silverlight2|Any CPU = Silverlight2|Any CPU
		Silverlight2|Mixed Platforms = Silverlight2|Mixed Platforms
		Silverlight2|x86 = Silverlight2|x86
	EndGlobalSection
	GlobalSection(ProjectConfigurationPlatforms) = postSolution
		{816EC137-7AFD-42B3-84A1-447E33A6A8C8}.Debug|Any CPU.ActiveCfg = Debug|Any CPU
		{816EC137-7AFD-42B3-84A1-447E33A6A8C8}.Debug|Any CPU.Build.0 = Debug|Any CPU
		{816EC137-7AFD-42B3-84A1-447E33A6A8C8}.Debug|Mixed Platforms.ActiveCfg = Debug|Any CPU
		{816EC137-7AFD-42B3-84A1-447E33A6A8C8}.Debug|Mixed Platforms.Build.0 = Debug|Any CPU
		{816EC137-7AFD-42B3-84A1-447E33A6A8C8}.Debug|x86.ActiveCfg = Debug|Any CPU
		{816EC137-7AFD-42B3-84A1-447E33A6A8C8}.Net20|Any CPU.ActiveCfg = Net20|Any CPU
		{816EC137-7AFD-42B3-84A1-447E33A6A8C8}.Net20|Any CPU.Build.0 = Net20|Any CPU
		{816EC137-7AFD-42B3-84A1-447E33A6A8C8}.Net20|Mixed Platforms.ActiveCfg = Net20|Any CPU
		{816EC137-7AFD-42B3-84A1-447E33A6A8C8}.Net20|Mixed Platforms.Build.0 = Net20|Any CPU
		{816EC137-7AFD-42B3-84A1-447E33A6A8C8}.Net20|x86.ActiveCfg = Net20|Any CPU
		{816EC137-7AFD-42B3-84A1-447E33A6A8C8}.Profile|Any CPU.ActiveCfg = Profile|Any CPU
		{816EC137-7AFD-42B3-84A1-447E33A6A8C8}.Profile|Any CPU.Build.0 = Profile|Any CPU
		{816EC137-7AFD-42B3-84A1-447E33A6A8C8}.Profile|Mixed Platforms.ActiveCfg = Profile|Any CPU
		{816EC137-7AFD-42B3-84A1-447E33A6A8C8}.Profile|Mixed Platforms.Build.0 = Profile|Any CPU
		{816EC137-7AFD-42B3-84A1-447E33A6A8C8}.Profile|x86.ActiveCfg = Profile|Any CPU
		{816EC137-7AFD-42B3-84A1-447E33A6A8C8}.Release|Any CPU.ActiveCfg = Release|Any CPU
		{816EC137-7AFD-42B3-84A1-447E33A6A8C8}.Release|Any CPU.Build.0 = Release|Any CPU
		{816EC137-7AFD-42B3-84A1-447E33A6A8C8}.Release|Mixed Platforms.ActiveCfg = Release|Any CPU
		{816EC137-7AFD-42B3-84A1-447E33A6A8C8}.Release|Mixed Platforms.Build.0 = Release|Any CPU
		{816EC137-7AFD-42B3-84A1-447E33A6A8C8}.Release|x86.ActiveCfg = Release|Any CPU
		{816EC137-7AFD-42B3-84A1-447E33A6A8C8}.Silverlight2|Any CPU.ActiveCfg = Silverlight2|Any CPU
		{816EC137-7AFD-42B3-84A1-447E33A6A8C8}.Silverlight2|Any CPU.Build.0 = Silverlight2|Any CPU
		{816EC137-7AFD-42B3-84A1-447E33A6A8C8}.Silverlight2|Mixed Platforms.ActiveCfg = Silverlight2|Any CPU
		{816EC137-7AFD-42B3-84A1-447E33A6A8C8}.Silverlight2|Mixed Platforms.Build.0 = Silverlight2|Any CPU
		{816EC137-7AFD-42B3-84A1-447E33A6A8C8}.Silverlight2|x86.ActiveCfg = Silverlight2|Any CPU
		{8374E4D7-2A91-48F1-9360-09B09CF27C3F}.Debug|Any CPU.ActiveCfg = Debug|Any CPU
		{8374E4D7-2A91-48F1-9360-09B09CF27C3F}.Debug|Any CPU.Build.0 = Debug|Any CPU
		{8374E4D7-2A91-48F1-9360-09B09CF27C3F}.Debug|Mixed Platforms.ActiveCfg = Debug|Any CPU
		{8374E4D7-2A91-48F1-9360-09B09CF27C3F}.Debug|Mixed Platforms.Build.0 = Debug|Any CPU
		{8374E4D7-2A91-48F1-9360-09B09CF27C3F}.Debug|x86.ActiveCfg = Debug|Any CPU
		{8374E4D7-2A91-48F1-9360-09B09CF27C3F}.Net20|Any CPU.ActiveCfg = Net20|Any CPU
		{8374E4D7-2A91-48F1-9360-09B09CF27C3F}.Net20|Any CPU.Build.0 = Net20|Any CPU
		{8374E4D7-2A91-48F1-9360-09B09CF27C3F}.Net20|Mixed Platforms.ActiveCfg = Net20|Any CPU
		{8374E4D7-2A91-48F1-9360-09B09CF27C3F}.Net20|Mixed Platforms.Build.0 = Net20|Any CPU
		{8374E4D7-2A91-48F1-9360-09B09CF27C3F}.Net20|x86.ActiveCfg = Net20|Any CPU
		{8374E4D7-2A91-48F1-9360-09B09CF27C3F}.Profile|Any CPU.ActiveCfg = Profile|Any CPU
		{8374E4D7-2A91-48F1-9360-09B09CF27C3F}.Profile|Any CPU.Build.0 = Profile|Any CPU
		{8374E4D7-2A91-48F1-9360-09B09CF27C3F}.Profile|Mixed Platforms.ActiveCfg = Profile|Any CPU
		{8374E4D7-2A91-48F1-9360-09B09CF27C3F}.Profile|Mixed Platforms.Build.0 = Profile|Any CPU
		{8374E4D7-2A91-48F1-9360-09B09CF27C3F}.Profile|x86.ActiveCfg = Profile|Any CPU
		{8374E4D7-2A91-48F1-9360-09B09CF27C3F}.Release|Any CPU.ActiveCfg = Release|Any CPU
		{8374E4D7-2A91-48F1-9360-09B09CF27C3F}.Release|Any CPU.Build.0 = Release|Any CPU
		{8374E4D7-2A91-48F1-9360-09B09CF27C3F}.Release|Mixed Platforms.ActiveCfg = Release|Any CPU
		{8374E4D7-2A91-48F1-9360-09B09CF27C3F}.Release|Mixed Platforms.Build.0 = Release|Any CPU
		{8374E4D7-2A91-48F1-9360-09B09CF27C3F}.Release|x86.ActiveCfg = Release|Any CPU
		{8374E4D7-2A91-48F1-9360-09B09CF27C3F}.Silverlight2|Any CPU.ActiveCfg = Silverlight2|Any CPU
		{8374E4D7-2A91-48F1-9360-09B09CF27C3F}.Silverlight2|Any CPU.Build.0 = Silverlight2|Any CPU
		{8374E4D7-2A91-48F1-9360-09B09CF27C3F}.Silverlight2|Mixed Platforms.ActiveCfg = Silverlight2|Any CPU
		{8374E4D7-2A91-48F1-9360-09B09CF27C3F}.Silverlight2|Mixed Platforms.Build.0 = Silverlight2|Any CPU
		{8374E4D7-2A91-48F1-9360-09B09CF27C3F}.Silverlight2|x86.ActiveCfg = Silverlight2|Any CPU
		{35032FC5-65E0-4FE4-8DBC-A31F0694EC14}.Debug|Any CPU.ActiveCfg = Debug|Any CPU
		{35032FC5-65E0-4FE4-8DBC-A31F0694EC14}.Debug|Any CPU.Build.0 = Debug|Any CPU
		{35032FC5-65E0-4FE4-8DBC-A31F0694EC14}.Debug|Mixed Platforms.ActiveCfg = Debug|Any CPU
		{35032FC5-65E0-4FE4-8DBC-A31F0694EC14}.Debug|x86.ActiveCfg = Debug|Any CPU
		{35032FC5-65E0-4FE4-8DBC-A31F0694EC14}.Net20|Any CPU.ActiveCfg = Release|Any CPU
		{35032FC5-65E0-4FE4-8DBC-A31F0694EC14}.Net20|Any CPU.Build.0 = Release|Any CPU
		{35032FC5-65E0-4FE4-8DBC-A31F0694EC14}.Net20|Mixed Platforms.ActiveCfg = Release|Any CPU
		{35032FC5-65E0-4FE4-8DBC-A31F0694EC14}.Net20|x86.ActiveCfg = Release|Any CPU
		{35032FC5-65E0-4FE4-8DBC-A31F0694EC14}.Profile|Any CPU.ActiveCfg = Release|Any CPU
		{35032FC5-65E0-4FE4-8DBC-A31F0694EC14}.Profile|Mixed Platforms.ActiveCfg = Release|Any CPU
		{35032FC5-65E0-4FE4-8DBC-A31F0694EC14}.Profile|x86.ActiveCfg = Release|Any CPU
		{35032FC5-65E0-4FE4-8DBC-A31F0694EC14}.Release|Any CPU.ActiveCfg = Release|Any CPU
		{35032FC5-65E0-4FE4-8DBC-A31F0694EC14}.Release|Any CPU.Build.0 = Release|Any CPU
		{35032FC5-65E0-4FE4-8DBC-A31F0694EC14}.Release|Mixed Platforms.ActiveCfg = Release|Any CPU
		{35032FC5-65E0-4FE4-8DBC-A31F0694EC14}.Release|x86.ActiveCfg = Release|Any CPU
		{35032FC5-65E0-4FE4-8DBC-A31F0694EC14}.Silverlight2|Any CPU.ActiveCfg = Release|Any CPU
		{35032FC5-65E0-4FE4-8DBC-A31F0694EC14}.Silverlight2|Any CPU.Build.0 = Release|Any CPU
		{35032FC5-65E0-4FE4-8DBC-A31F0694EC14}.Silverlight2|Mixed Platforms.ActiveCfg = Release|Any CPU
		{35032FC5-65E0-4FE4-8DBC-A31F0694EC14}.Silverlight2|x86.ActiveCfg = Release|Any CPU
		{05A18144-D234-46D7-A36C-CD45BA884746}.Debug|Any CPU.ActiveCfg = Debug|Any CPU
		{05A18144-D234-46D7-A36C-CD45BA884746}.Debug|Any CPU.Build.0 = Debug|Any CPU
		{05A18144-D234-46D7-A36C-CD45BA884746}.Debug|Mixed Platforms.ActiveCfg = Debug|Any CPU
		{05A18144-D234-46D7-A36C-CD45BA884746}.Debug|x86.ActiveCfg = Debug|Any CPU
		{05A18144-D234-46D7-A36C-CD45BA884746}.Net20|Any CPU.ActiveCfg = Release|Any CPU
		{05A18144-D234-46D7-A36C-CD45BA884746}.Net20|Any CPU.Build.0 = Release|Any CPU
		{05A18144-D234-46D7-A36C-CD45BA884746}.Net20|Mixed Platforms.ActiveCfg = Release|Any CPU
		{05A18144-D234-46D7-A36C-CD45BA884746}.Net20|x86.ActiveCfg = Release|Any CPU
		{05A18144-D234-46D7-A36C-CD45BA884746}.Profile|Any CPU.ActiveCfg = Release|Any CPU
		{05A18144-D234-46D7-A36C-CD45BA884746}.Profile|Mixed Platforms.ActiveCfg = Release|Any CPU
		{05A18144-D234-46D7-A36C-CD45BA884746}.Profile|x86.ActiveCfg = Release|Any CPU
		{05A18144-D234-46D7-A36C-CD45BA884746}.Release|Any CPU.ActiveCfg = Release|Any CPU
		{05A18144-D234-46D7-A36C-CD45BA884746}.Release|Any CPU.Build.0 = Release|Any CPU
		{05A18144-D234-46D7-A36C-CD45BA884746}.Release|Mixed Platforms.ActiveCfg = Release|Any CPU
		{05A18144-D234-46D7-A36C-CD45BA884746}.Release|x86.ActiveCfg = Release|Any CPU
		{05A18144-D234-46D7-A36C-CD45BA884746}.Silverlight2|Any CPU.ActiveCfg = Release|Any CPU
		{05A18144-D234-46D7-A36C-CD45BA884746}.Silverlight2|Any CPU.Build.0 = Release|Any CPU
		{05A18144-D234-46D7-A36C-CD45BA884746}.Silverlight2|Mixed Platforms.ActiveCfg = Release|Any CPU
		{05A18144-D234-46D7-A36C-CD45BA884746}.Silverlight2|x86.ActiveCfg = Release|Any CPU
		{65A793DB-49B9-4563-B028-BDF958A915CE}.Debug|Any CPU.ActiveCfg = Debug|Any CPU
		{65A793DB-49B9-4563-B028-BDF958A915CE}.Debug|Any CPU.Build.0 = Debug|Any CPU
		{65A793DB-49B9-4563-B028-BDF958A915CE}.Debug|Mixed Platforms.ActiveCfg = Debug|Any CPU
		{65A793DB-49B9-4563-B028-BDF958A915CE}.Debug|x86.ActiveCfg = Debug|Any CPU
		{65A793DB-49B9-4563-B028-BDF958A915CE}.Net20|Any CPU.ActiveCfg = Release|Any CPU
		{65A793DB-49B9-4563-B028-BDF958A915CE}.Net20|Any CPU.Build.0 = Release|Any CPU
		{65A793DB-49B9-4563-B028-BDF958A915CE}.Net20|Mixed Platforms.ActiveCfg = Release|Any CPU
		{65A793DB-49B9-4563-B028-BDF958A915CE}.Net20|x86.ActiveCfg = Release|Any CPU
		{65A793DB-49B9-4563-B028-BDF958A915CE}.Profile|Any CPU.ActiveCfg = Release|Any CPU
		{65A793DB-49B9-4563-B028-BDF958A915CE}.Profile|Any CPU.Build.0 = Release|Any CPU
		{65A793DB-49B9-4563-B028-BDF958A915CE}.Profile|Mixed Platforms.ActiveCfg = Release|Any CPU
		{65A793DB-49B9-4563-B028-BDF958A915CE}.Profile|x86.ActiveCfg = Release|Any CPU
		{65A793DB-49B9-4563-B028-BDF958A915CE}.Release|Any CPU.ActiveCfg = Release|Any CPU
		{65A793DB-49B9-4563-B028-BDF958A915CE}.Release|Any CPU.Build.0 = Release|Any CPU
		{65A793DB-49B9-4563-B028-BDF958A915CE}.Release|Mixed Platforms.ActiveCfg = Release|Any CPU
		{65A793DB-49B9-4563-B028-BDF958A915CE}.Release|x86.ActiveCfg = Release|Any CPU
		{65A793DB-49B9-4563-B028-BDF958A915CE}.Silverlight2|Any CPU.ActiveCfg = Release|Any CPU
		{65A793DB-49B9-4563-B028-BDF958A915CE}.Silverlight2|Any CPU.Build.0 = Release|Any CPU
		{65A793DB-49B9-4563-B028-BDF958A915CE}.Silverlight2|Mixed Platforms.ActiveCfg = Release|Any CPU
		{65A793DB-49B9-4563-B028-BDF958A915CE}.Silverlight2|x86.ActiveCfg = Release|Any CPU
		{F6CBE303-3B5F-4CCC-B0B7-D81A6BD462C9}.Debug|Any CPU.ActiveCfg = Debug|Any CPU
		{F6CBE303-3B5F-4CCC-B0B7-D81A6BD462C9}.Debug|Any CPU.Build.0 = Debug|Any CPU
		{F6CBE303-3B5F-4CCC-B0B7-D81A6BD462C9}.Debug|Mixed Platforms.ActiveCfg = Debug|Any CPU
		{F6CBE303-3B5F-4CCC-B0B7-D81A6BD462C9}.Debug|x86.ActiveCfg = Debug|Any CPU
		{F6CBE303-3B5F-4CCC-B0B7-D81A6BD462C9}.Net20|Any CPU.ActiveCfg = Release|Any CPU
		{F6CBE303-3B5F-4CCC-B0B7-D81A6BD462C9}.Net20|Any CPU.Build.0 = Release|Any CPU
		{F6CBE303-3B5F-4CCC-B0B7-D81A6BD462C9}.Net20|Mixed Platforms.ActiveCfg = Release|Any CPU
		{F6CBE303-3B5F-4CCC-B0B7-D81A6BD462C9}.Net20|x86.ActiveCfg = Release|Any CPU
		{F6CBE303-3B5F-4CCC-B0B7-D81A6BD462C9}.Profile|Any CPU.ActiveCfg = Release|Any CPU
		{F6CBE303-3B5F-4CCC-B0B7-D81A6BD462C9}.Profile|Any CPU.Build.0 = Release|Any CPU
		{F6CBE303-3B5F-4CCC-B0B7-D81A6BD462C9}.Profile|Mixed Platforms.ActiveCfg = Release|Any CPU
		{F6CBE303-3B5F-4CCC-B0B7-D81A6BD462C9}.Profile|x86.ActiveCfg = Release|Any CPU
		{F6CBE303-3B5F-4CCC-B0B7-D81A6BD462C9}.Release|Any CPU.ActiveCfg = Release|Any CPU
		{F6CBE303-3B5F-4CCC-B0B7-D81A6BD462C9}.Release|Any CPU.Build.0 = Release|Any CPU
		{F6CBE303-3B5F-4CCC-B0B7-D81A6BD462C9}.Release|Mixed Platforms.ActiveCfg = Release|Any CPU
		{F6CBE303-3B5F-4CCC-B0B7-D81A6BD462C9}.Release|x86.ActiveCfg = Release|Any CPU
		{F6CBE303-3B5F-4CCC-B0B7-D81A6BD462C9}.Silverlight2|Any CPU.ActiveCfg = Release|Any CPU
		{F6CBE303-3B5F-4CCC-B0B7-D81A6BD462C9}.Silverlight2|Any CPU.Build.0 = Release|Any CPU
		{F6CBE303-3B5F-4CCC-B0B7-D81A6BD462C9}.Silverlight2|Mixed Platforms.ActiveCfg = Release|Any CPU
		{F6CBE303-3B5F-4CCC-B0B7-D81A6BD462C9}.Silverlight2|x86.ActiveCfg = Release|Any CPU
		{E1EB9E1A-8BC0-4DA8-983A-6896F523BEE3}.Debug|Any CPU.ActiveCfg = Debug|Any CPU
		{E1EB9E1A-8BC0-4DA8-983A-6896F523BEE3}.Debug|Any CPU.Build.0 = Debug|Any CPU
		{E1EB9E1A-8BC0-4DA8-983A-6896F523BEE3}.Debug|Mixed Platforms.ActiveCfg = Debug|Any CPU
		{E1EB9E1A-8BC0-4DA8-983A-6896F523BEE3}.Debug|Mixed Platforms.Build.0 = Debug|Any CPU
		{E1EB9E1A-8BC0-4DA8-983A-6896F523BEE3}.Debug|x86.ActiveCfg = Debug|Any CPU
		{E1EB9E1A-8BC0-4DA8-983A-6896F523BEE3}.Net20|Any CPU.ActiveCfg = Release|Any CPU
		{E1EB9E1A-8BC0-4DA8-983A-6896F523BEE3}.Net20|Any CPU.Build.0 = Release|Any CPU
		{E1EB9E1A-8BC0-4DA8-983A-6896F523BEE3}.Net20|Mixed Platforms.ActiveCfg = Release|Any CPU
		{E1EB9E1A-8BC0-4DA8-983A-6896F523BEE3}.Net20|Mixed Platforms.Build.0 = Release|Any CPU
		{E1EB9E1A-8BC0-4DA8-983A-6896F523BEE3}.Net20|x86.ActiveCfg = Release|Any CPU
		{E1EB9E1A-8BC0-4DA8-983A-6896F523BEE3}.Profile|Any CPU.ActiveCfg = Release|Any CPU
		{E1EB9E1A-8BC0-4DA8-983A-6896F523BEE3}.Profile|Any CPU.Build.0 = Release|Any CPU
		{E1EB9E1A-8BC0-4DA8-983A-6896F523BEE3}.Profile|Mixed Platforms.ActiveCfg = Release|Any CPU
		{E1EB9E1A-8BC0-4DA8-983A-6896F523BEE3}.Profile|Mixed Platforms.Build.0 = Release|Any CPU
		{E1EB9E1A-8BC0-4DA8-983A-6896F523BEE3}.Profile|x86.ActiveCfg = Release|Any CPU
		{E1EB9E1A-8BC0-4DA8-983A-6896F523BEE3}.Release|Any CPU.ActiveCfg = Release|Any CPU
		{E1EB9E1A-8BC0-4DA8-983A-6896F523BEE3}.Release|Any CPU.Build.0 = Release|Any CPU
		{E1EB9E1A-8BC0-4DA8-983A-6896F523BEE3}.Release|Mixed Platforms.ActiveCfg = Release|Any CPU
		{E1EB9E1A-8BC0-4DA8-983A-6896F523BEE3}.Release|Mixed Platforms.Build.0 = Release|Any CPU
		{E1EB9E1A-8BC0-4DA8-983A-6896F523BEE3}.Release|x86.ActiveCfg = Release|Any CPU
		{E1EB9E1A-8BC0-4DA8-983A-6896F523BEE3}.Silverlight2|Any CPU.ActiveCfg = Release|Any CPU
		{E1EB9E1A-8BC0-4DA8-983A-6896F523BEE3}.Silverlight2|Any CPU.Build.0 = Release|Any CPU
		{E1EB9E1A-8BC0-4DA8-983A-6896F523BEE3}.Silverlight2|Mixed Platforms.ActiveCfg = Release|Any CPU
		{E1EB9E1A-8BC0-4DA8-983A-6896F523BEE3}.Silverlight2|Mixed Platforms.Build.0 = Release|Any CPU
		{E1EB9E1A-8BC0-4DA8-983A-6896F523BEE3}.Silverlight2|x86.ActiveCfg = Release|Any CPU
		{927AB924-08B5-4629-B505-3BC78A61B0D6}.Debug|Any CPU.ActiveCfg = Debug|Any CPU
		{927AB924-08B5-4629-B505-3BC78A61B0D6}.Debug|Any CPU.Build.0 = Debug|Any CPU
		{927AB924-08B5-4629-B505-3BC78A61B0D6}.Debug|Mixed Platforms.ActiveCfg = Debug|Any CPU
		{927AB924-08B5-4629-B505-3BC78A61B0D6}.Debug|x86.ActiveCfg = Debug|Any CPU
		{927AB924-08B5-4629-B505-3BC78A61B0D6}.Net20|Any CPU.ActiveCfg = Release|Any CPU
		{927AB924-08B5-4629-B505-3BC78A61B0D6}.Net20|Any CPU.Build.0 = Release|Any CPU
		{927AB924-08B5-4629-B505-3BC78A61B0D6}.Net20|Mixed Platforms.ActiveCfg = Release|Any CPU
		{927AB924-08B5-4629-B505-3BC78A61B0D6}.Net20|x86.ActiveCfg = Release|Any CPU
		{927AB924-08B5-4629-B505-3BC78A61B0D6}.Profile|Any CPU.ActiveCfg = Release|Any CPU
		{927AB924-08B5-4629-B505-3BC78A61B0D6}.Profile|Any CPU.Build.0 = Release|Any CPU
		{927AB924-08B5-4629-B505-3BC78A61B0D6}.Profile|Mixed Platforms.ActiveCfg = Release|Any CPU
		{927AB924-08B5-4629-B505-3BC78A61B0D6}.Profile|x86.ActiveCfg = Release|Any CPU
		{927AB924-08B5-4629-B505-3BC78A61B0D6}.Release|Any CPU.ActiveCfg = Release|Any CPU
		{927AB924-08B5-4629-B505-3BC78A61B0D6}.Release|Any CPU.Build.0 = Release|Any CPU
		{927AB924-08B5-4629-B505-3BC78A61B0D6}.Release|Mixed Platforms.ActiveCfg = Release|Any CPU
		{927AB924-08B5-4629-B505-3BC78A61B0D6}.Release|x86.ActiveCfg = Release|Any CPU
		{927AB924-08B5-4629-B505-3BC78A61B0D6}.Silverlight2|Any CPU.ActiveCfg = Release|Any CPU
		{927AB924-08B5-4629-B505-3BC78A61B0D6}.Silverlight2|Any CPU.Build.0 = Release|Any CPU
		{927AB924-08B5-4629-B505-3BC78A61B0D6}.Silverlight2|Mixed Platforms.ActiveCfg = Release|Any CPU
		{927AB924-08B5-4629-B505-3BC78A61B0D6}.Silverlight2|x86.ActiveCfg = Release|Any CPU
		{7C741476-7F39-4C17-9806-C839A5683463}.Debug|Any CPU.ActiveCfg = Debug|Any CPU
		{7C741476-7F39-4C17-9806-C839A5683463}.Debug|Any CPU.Build.0 = Debug|Any CPU
		{7C741476-7F39-4C17-9806-C839A5683463}.Debug|Mixed Platforms.ActiveCfg = Debug|Any CPU
		{7C741476-7F39-4C17-9806-C839A5683463}.Debug|x86.ActiveCfg = Debug|Any CPU
		{7C741476-7F39-4C17-9806-C839A5683463}.Net20|Any CPU.ActiveCfg = Release|Any CPU
		{7C741476-7F39-4C17-9806-C839A5683463}.Net20|Any CPU.Build.0 = Release|Any CPU
		{7C741476-7F39-4C17-9806-C839A5683463}.Net20|Mixed Platforms.ActiveCfg = Release|Any CPU
		{7C741476-7F39-4C17-9806-C839A5683463}.Net20|x86.ActiveCfg = Release|Any CPU
		{7C741476-7F39-4C17-9806-C839A5683463}.Profile|Any CPU.ActiveCfg = Release|Any CPU
		{7C741476-7F39-4C17-9806-C839A5683463}.Profile|Any CPU.Build.0 = Release|Any CPU
		{7C741476-7F39-4C17-9806-C839A5683463}.Profile|Mixed Platforms.ActiveCfg = Release|Any CPU
		{7C741476-7F39-4C17-9806-C839A5683463}.Profile|x86.ActiveCfg = Release|Any CPU
		{7C741476-7F39-4C17-9806-C839A5683463}.Release|Any CPU.ActiveCfg = Release|Any CPU
		{7C741476-7F39-4C17-9806-C839A5683463}.Release|Any CPU.Build.0 = Release|Any CPU
		{7C741476-7F39-4C17-9806-C839A5683463}.Release|Mixed Platforms.ActiveCfg = Release|Any CPU
		{7C741476-7F39-4C17-9806-C839A5683463}.Release|x86.ActiveCfg = Release|Any CPU
		{7C741476-7F39-4C17-9806-C839A5683463}.Silverlight2|Any CPU.ActiveCfg = Release|Any CPU
		{7C741476-7F39-4C17-9806-C839A5683463}.Silverlight2|Any CPU.Build.0 = Release|Any CPU
		{7C741476-7F39-4C17-9806-C839A5683463}.Silverlight2|Mixed Platforms.ActiveCfg = Release|Any CPU
		{7C741476-7F39-4C17-9806-C839A5683463}.Silverlight2|x86.ActiveCfg = Release|Any CPU
		{5298B531-E3E3-4E3B-B8D2-62459C52163B}.Debug|Any CPU.ActiveCfg = Debug|Any CPU
		{5298B531-E3E3-4E3B-B8D2-62459C52163B}.Debug|Any CPU.Build.0 = Debug|Any CPU
		{5298B531-E3E3-4E3B-B8D2-62459C52163B}.Debug|Mixed Platforms.ActiveCfg = Debug|Any CPU
		{5298B531-E3E3-4E3B-B8D2-62459C52163B}.Debug|x86.ActiveCfg = Debug|Any CPU
		{5298B531-E3E3-4E3B-B8D2-62459C52163B}.Net20|Any CPU.ActiveCfg = Release|Any CPU
		{5298B531-E3E3-4E3B-B8D2-62459C52163B}.Net20|Any CPU.Build.0 = Release|Any CPU
		{5298B531-E3E3-4E3B-B8D2-62459C52163B}.Net20|Mixed Platforms.ActiveCfg = Release|Any CPU
		{5298B531-E3E3-4E3B-B8D2-62459C52163B}.Net20|x86.ActiveCfg = Release|Any CPU
		{5298B531-E3E3-4E3B-B8D2-62459C52163B}.Profile|Any CPU.ActiveCfg = Release|Any CPU
		{5298B531-E3E3-4E3B-B8D2-62459C52163B}.Profile|Any CPU.Build.0 = Release|Any CPU
		{5298B531-E3E3-4E3B-B8D2-62459C52163B}.Profile|Mixed Platforms.ActiveCfg = Release|Any CPU
		{5298B531-E3E3-4E3B-B8D2-62459C52163B}.Profile|x86.ActiveCfg = Release|Any CPU
		{5298B531-E3E3-4E3B-B8D2-62459C52163B}.Release|Any CPU.ActiveCfg = Release|Any CPU
		{5298B531-E3E3-4E3B-B8D2-62459C52163B}.Release|Any CPU.Build.0 = Release|Any CPU
		{5298B531-E3E3-4E3B-B8D2-62459C52163B}.Release|Mixed Platforms.ActiveCfg = Release|Any CPU
		{5298B531-E3E3-4E3B-B8D2-62459C52163B}.Release|x86.ActiveCfg = Release|Any CPU
		{5298B531-E3E3-4E3B-B8D2-62459C52163B}.Silverlight2|Any CPU.ActiveCfg = Release|Any CPU
		{5298B531-E3E3-4E3B-B8D2-62459C52163B}.Silverlight2|Any CPU.Build.0 = Release|Any CPU
		{5298B531-E3E3-4E3B-B8D2-62459C52163B}.Silverlight2|Mixed Platforms.ActiveCfg = Release|Any CPU
		{5298B531-E3E3-4E3B-B8D2-62459C52163B}.Silverlight2|x86.ActiveCfg = Release|Any CPU
		{C89574F5-DC36-41D7-8F83-4100C58A9441}.Debug|Any CPU.ActiveCfg = Debug|Any CPU
		{C89574F5-DC36-41D7-8F83-4100C58A9441}.Debug|Any CPU.Build.0 = Debug|Any CPU
		{C89574F5-DC36-41D7-8F83-4100C58A9441}.Debug|Mixed Platforms.ActiveCfg = Debug|Any CPU
		{C89574F5-DC36-41D7-8F83-4100C58A9441}.Debug|x86.ActiveCfg = Debug|Any CPU
		{C89574F5-DC36-41D7-8F83-4100C58A9441}.Net20|Any CPU.ActiveCfg = Release|Any CPU
		{C89574F5-DC36-41D7-8F83-4100C58A9441}.Net20|Any CPU.Build.0 = Release|Any CPU
		{C89574F5-DC36-41D7-8F83-4100C58A9441}.Net20|Mixed Platforms.ActiveCfg = Release|Any CPU
		{C89574F5-DC36-41D7-8F83-4100C58A9441}.Net20|x86.ActiveCfg = Release|Any CPU
		{C89574F5-DC36-41D7-8F83-4100C58A9441}.Profile|Any CPU.ActiveCfg = Release|Any CPU
		{C89574F5-DC36-41D7-8F83-4100C58A9441}.Profile|Any CPU.Build.0 = Release|Any CPU
		{C89574F5-DC36-41D7-8F83-4100C58A9441}.Profile|Mixed Platforms.ActiveCfg = Release|Any CPU
		{C89574F5-DC36-41D7-8F83-4100C58A9441}.Profile|x86.ActiveCfg = Release|Any CPU
		{C89574F5-DC36-41D7-8F83-4100C58A9441}.Release|Any CPU.ActiveCfg = Release|Any CPU
		{C89574F5-DC36-41D7-8F83-4100C58A9441}.Release|Any CPU.Build.0 = Release|Any CPU
		{C89574F5-DC36-41D7-8F83-4100C58A9441}.Release|Mixed Platforms.ActiveCfg = Release|Any CPU
		{C89574F5-DC36-41D7-8F83-4100C58A9441}.Release|x86.ActiveCfg = Release|Any CPU
		{C89574F5-DC36-41D7-8F83-4100C58A9441}.Silverlight2|Any CPU.ActiveCfg = Release|Any CPU
		{C89574F5-DC36-41D7-8F83-4100C58A9441}.Silverlight2|Any CPU.Build.0 = Release|Any CPU
		{C89574F5-DC36-41D7-8F83-4100C58A9441}.Silverlight2|Mixed Platforms.ActiveCfg = Release|Any CPU
		{C89574F5-DC36-41D7-8F83-4100C58A9441}.Silverlight2|x86.ActiveCfg = Release|Any CPU
		{2D434050-3A61-498B-A740-2CD2DC2631EF}.Debug|Any CPU.ActiveCfg = Debug|Any CPU
		{2D434050-3A61-498B-A740-2CD2DC2631EF}.Debug|Any CPU.Build.0 = Debug|Any CPU
		{2D434050-3A61-498B-A740-2CD2DC2631EF}.Debug|Mixed Platforms.ActiveCfg = Debug|Any CPU
		{2D434050-3A61-498B-A740-2CD2DC2631EF}.Debug|x86.ActiveCfg = Debug|Any CPU
		{2D434050-3A61-498B-A740-2CD2DC2631EF}.Net20|Any CPU.ActiveCfg = Release|Any CPU
		{2D434050-3A61-498B-A740-2CD2DC2631EF}.Net20|Any CPU.Build.0 = Release|Any CPU
		{2D434050-3A61-498B-A740-2CD2DC2631EF}.Net20|Mixed Platforms.ActiveCfg = Release|Any CPU
		{2D434050-3A61-498B-A740-2CD2DC2631EF}.Net20|x86.ActiveCfg = Release|Any CPU
		{2D434050-3A61-498B-A740-2CD2DC2631EF}.Profile|Any CPU.ActiveCfg = Release|Any CPU
		{2D434050-3A61-498B-A740-2CD2DC2631EF}.Profile|Any CPU.Build.0 = Release|Any CPU
		{2D434050-3A61-498B-A740-2CD2DC2631EF}.Profile|Mixed Platforms.ActiveCfg = Release|Any CPU
		{2D434050-3A61-498B-A740-2CD2DC2631EF}.Profile|x86.ActiveCfg = Release|Any CPU
		{2D434050-3A61-498B-A740-2CD2DC2631EF}.Release|Any CPU.ActiveCfg = Release|Any CPU
		{2D434050-3A61-498B-A740-2CD2DC2631EF}.Release|Any CPU.Build.0 = Release|Any CPU
		{2D434050-3A61-498B-A740-2CD2DC2631EF}.Release|Mixed Platforms.ActiveCfg = Release|Any CPU
		{2D434050-3A61-498B-A740-2CD2DC2631EF}.Release|x86.ActiveCfg = Release|Any CPU
		{2D434050-3A61-498B-A740-2CD2DC2631EF}.Silverlight2|Any CPU.ActiveCfg = Release|Any CPU
		{2D434050-3A61-498B-A740-2CD2DC2631EF}.Silverlight2|Any CPU.Build.0 = Release|Any CPU
		{2D434050-3A61-498B-A740-2CD2DC2631EF}.Silverlight2|Mixed Platforms.ActiveCfg = Release|Any CPU
		{2D434050-3A61-498B-A740-2CD2DC2631EF}.Silverlight2|x86.ActiveCfg = Release|Any CPU
		{1A08F440-53DC-4C42-9CD1-C1507E5036A7}.Debug|Any CPU.ActiveCfg = Debug|Any CPU
		{1A08F440-53DC-4C42-9CD1-C1507E5036A7}.Debug|Any CPU.Build.0 = Debug|Any CPU
		{1A08F440-53DC-4C42-9CD1-C1507E5036A7}.Debug|Mixed Platforms.ActiveCfg = Debug|Any CPU
		{1A08F440-53DC-4C42-9CD1-C1507E5036A7}.Debug|x86.ActiveCfg = Debug|Any CPU
		{1A08F440-53DC-4C42-9CD1-C1507E5036A7}.Net20|Any CPU.ActiveCfg = Release|Any CPU
		{1A08F440-53DC-4C42-9CD1-C1507E5036A7}.Net20|Any CPU.Build.0 = Release|Any CPU
		{1A08F440-53DC-4C42-9CD1-C1507E5036A7}.Net20|Mixed Platforms.ActiveCfg = Release|Any CPU
		{1A08F440-53DC-4C42-9CD1-C1507E5036A7}.Net20|x86.ActiveCfg = Release|Any CPU
		{1A08F440-53DC-4C42-9CD1-C1507E5036A7}.Profile|Any CPU.ActiveCfg = Release|Any CPU
		{1A08F440-53DC-4C42-9CD1-C1507E5036A7}.Profile|Any CPU.Build.0 = Release|Any CPU
		{1A08F440-53DC-4C42-9CD1-C1507E5036A7}.Profile|Mixed Platforms.ActiveCfg = Release|Any CPU
		{1A08F440-53DC-4C42-9CD1-C1507E5036A7}.Profile|x86.ActiveCfg = Release|Any CPU
		{1A08F440-53DC-4C42-9CD1-C1507E5036A7}.Release|Any CPU.ActiveCfg = Release|Any CPU
		{1A08F440-53DC-4C42-9CD1-C1507E5036A7}.Release|Any CPU.Build.0 = Release|Any CPU
		{1A08F440-53DC-4C42-9CD1-C1507E5036A7}.Release|Mixed Platforms.ActiveCfg = Release|Any CPU
		{1A08F440-53DC-4C42-9CD1-C1507E5036A7}.Release|x86.ActiveCfg = Release|Any CPU
		{1A08F440-53DC-4C42-9CD1-C1507E5036A7}.Silverlight2|Any CPU.ActiveCfg = Release|Any CPU
		{1A08F440-53DC-4C42-9CD1-C1507E5036A7}.Silverlight2|Any CPU.Build.0 = Release|Any CPU
		{1A08F440-53DC-4C42-9CD1-C1507E5036A7}.Silverlight2|Mixed Platforms.ActiveCfg = Release|Any CPU
		{1A08F440-53DC-4C42-9CD1-C1507E5036A7}.Silverlight2|x86.ActiveCfg = Release|Any CPU
		{7ABED973-7C99-4884-A2AE-96AF4658100C}.Debug|Any CPU.ActiveCfg = Debug|Any CPU
		{7ABED973-7C99-4884-A2AE-96AF4658100C}.Debug|Any CPU.Build.0 = Debug|Any CPU
		{7ABED973-7C99-4884-A2AE-96AF4658100C}.Debug|Mixed Platforms.ActiveCfg = Debug|Any CPU
		{7ABED973-7C99-4884-A2AE-96AF4658100C}.Debug|Mixed Platforms.Build.0 = Debug|Any CPU
		{7ABED973-7C99-4884-A2AE-96AF4658100C}.Debug|x86.ActiveCfg = Debug|Any CPU
		{7ABED973-7C99-4884-A2AE-96AF4658100C}.Net20|Any CPU.ActiveCfg = Release|Any CPU
		{7ABED973-7C99-4884-A2AE-96AF4658100C}.Net20|Any CPU.Build.0 = Release|Any CPU
		{7ABED973-7C99-4884-A2AE-96AF4658100C}.Net20|Mixed Platforms.ActiveCfg = Release|Any CPU
		{7ABED973-7C99-4884-A2AE-96AF4658100C}.Net20|Mixed Platforms.Build.0 = Release|Any CPU
		{7ABED973-7C99-4884-A2AE-96AF4658100C}.Net20|x86.ActiveCfg = Release|Any CPU
		{7ABED973-7C99-4884-A2AE-96AF4658100C}.Profile|Any CPU.ActiveCfg = Release|Any CPU
		{7ABED973-7C99-4884-A2AE-96AF4658100C}.Profile|Any CPU.Build.0 = Release|Any CPU
		{7ABED973-7C99-4884-A2AE-96AF4658100C}.Profile|Mixed Platforms.ActiveCfg = Release|Any CPU
		{7ABED973-7C99-4884-A2AE-96AF4658100C}.Profile|Mixed Platforms.Build.0 = Release|Any CPU
		{7ABED973-7C99-4884-A2AE-96AF4658100C}.Profile|x86.ActiveCfg = Release|Any CPU
		{7ABED973-7C99-4884-A2AE-96AF4658100C}.Release|Any CPU.ActiveCfg = Release|Any CPU
		{7ABED973-7C99-4884-A2AE-96AF4658100C}.Release|Any CPU.Build.0 = Release|Any CPU
		{7ABED973-7C99-4884-A2AE-96AF4658100C}.Release|Mixed Platforms.ActiveCfg = Release|Any CPU
		{7ABED973-7C99-4884-A2AE-96AF4658100C}.Release|Mixed Platforms.Build.0 = Release|Any CPU
		{7ABED973-7C99-4884-A2AE-96AF4658100C}.Release|x86.ActiveCfg = Release|Any CPU
		{7ABED973-7C99-4884-A2AE-96AF4658100C}.Silverlight2|Any CPU.ActiveCfg = Release|Any CPU
		{7ABED973-7C99-4884-A2AE-96AF4658100C}.Silverlight2|Any CPU.Build.0 = Release|Any CPU
		{7ABED973-7C99-4884-A2AE-96AF4658100C}.Silverlight2|Mixed Platforms.ActiveCfg = Release|Any CPU
		{7ABED973-7C99-4884-A2AE-96AF4658100C}.Silverlight2|Mixed Platforms.Build.0 = Release|Any CPU
		{7ABED973-7C99-4884-A2AE-96AF4658100C}.Silverlight2|x86.ActiveCfg = Release|Any CPU
		{68ACA9F0-DB63-492B-8BBE-B99874D54B55}.Debug|Any CPU.ActiveCfg = Debug|Any CPU
		{68ACA9F0-DB63-492B-8BBE-B99874D54B55}.Debug|Any CPU.Build.0 = Debug|Any CPU
		{68ACA9F0-DB63-492B-8BBE-B99874D54B55}.Debug|Mixed Platforms.ActiveCfg = Debug|Any CPU
		{68ACA9F0-DB63-492B-8BBE-B99874D54B55}.Debug|x86.ActiveCfg = Debug|Any CPU
		{68ACA9F0-DB63-492B-8BBE-B99874D54B55}.Net20|Any CPU.ActiveCfg = Release|Any CPU
		{68ACA9F0-DB63-492B-8BBE-B99874D54B55}.Net20|Any CPU.Build.0 = Release|Any CPU
		{68ACA9F0-DB63-492B-8BBE-B99874D54B55}.Net20|Mixed Platforms.ActiveCfg = Release|Any CPU
		{68ACA9F0-DB63-492B-8BBE-B99874D54B55}.Net20|x86.ActiveCfg = Release|Any CPU
		{68ACA9F0-DB63-492B-8BBE-B99874D54B55}.Profile|Any CPU.ActiveCfg = Release|Any CPU
		{68ACA9F0-DB63-492B-8BBE-B99874D54B55}.Profile|Any CPU.Build.0 = Release|Any CPU
		{68ACA9F0-DB63-492B-8BBE-B99874D54B55}.Profile|Mixed Platforms.ActiveCfg = Release|Any CPU
		{68ACA9F0-DB63-492B-8BBE-B99874D54B55}.Profile|x86.ActiveCfg = Release|Any CPU
		{68ACA9F0-DB63-492B-8BBE-B99874D54B55}.Release|Any CPU.ActiveCfg = Release|Any CPU
		{68ACA9F0-DB63-492B-8BBE-B99874D54B55}.Release|Any CPU.Build.0 = Release|Any CPU
		{68ACA9F0-DB63-492B-8BBE-B99874D54B55}.Release|Mixed Platforms.ActiveCfg = Release|Any CPU
		{68ACA9F0-DB63-492B-8BBE-B99874D54B55}.Release|x86.ActiveCfg = Release|Any CPU
		{68ACA9F0-DB63-492B-8BBE-B99874D54B55}.Silverlight2|Any CPU.ActiveCfg = Release|Any CPU
		{68ACA9F0-DB63-492B-8BBE-B99874D54B55}.Silverlight2|Any CPU.Build.0 = Release|Any CPU
		{68ACA9F0-DB63-492B-8BBE-B99874D54B55}.Silverlight2|Mixed Platforms.ActiveCfg = Release|Any CPU
		{68ACA9F0-DB63-492B-8BBE-B99874D54B55}.Silverlight2|x86.ActiveCfg = Release|Any CPU
		{8D53345D-C5D6-4510-8FDB-B6D8A63D65AE}.Debug|Any CPU.ActiveCfg = Debug|Any CPU
		{8D53345D-C5D6-4510-8FDB-B6D8A63D65AE}.Debug|Any CPU.Build.0 = Debug|Any CPU
		{8D53345D-C5D6-4510-8FDB-B6D8A63D65AE}.Debug|Mixed Platforms.ActiveCfg = Debug|Any CPU
		{8D53345D-C5D6-4510-8FDB-B6D8A63D65AE}.Debug|Mixed Platforms.Build.0 = Debug|Any CPU
		{8D53345D-C5D6-4510-8FDB-B6D8A63D65AE}.Debug|x86.ActiveCfg = Debug|Any CPU
		{8D53345D-C5D6-4510-8FDB-B6D8A63D65AE}.Net20|Any CPU.ActiveCfg = Release|Any CPU
		{8D53345D-C5D6-4510-8FDB-B6D8A63D65AE}.Net20|Any CPU.Build.0 = Release|Any CPU
		{8D53345D-C5D6-4510-8FDB-B6D8A63D65AE}.Net20|Mixed Platforms.ActiveCfg = Release|Any CPU
		{8D53345D-C5D6-4510-8FDB-B6D8A63D65AE}.Net20|Mixed Platforms.Build.0 = Release|Any CPU
		{8D53345D-C5D6-4510-8FDB-B6D8A63D65AE}.Net20|x86.ActiveCfg = Release|Any CPU
		{8D53345D-C5D6-4510-8FDB-B6D8A63D65AE}.Profile|Any CPU.ActiveCfg = Release|Any CPU
		{8D53345D-C5D6-4510-8FDB-B6D8A63D65AE}.Profile|Any CPU.Build.0 = Release|Any CPU
		{8D53345D-C5D6-4510-8FDB-B6D8A63D65AE}.Profile|Mixed Platforms.ActiveCfg = Release|Any CPU
		{8D53345D-C5D6-4510-8FDB-B6D8A63D65AE}.Profile|Mixed Platforms.Build.0 = Release|Any CPU
		{8D53345D-C5D6-4510-8FDB-B6D8A63D65AE}.Profile|x86.ActiveCfg = Release|Any CPU
		{8D53345D-C5D6-4510-8FDB-B6D8A63D65AE}.Release|Any CPU.ActiveCfg = Release|Any CPU
		{8D53345D-C5D6-4510-8FDB-B6D8A63D65AE}.Release|Any CPU.Build.0 = Release|Any CPU
		{8D53345D-C5D6-4510-8FDB-B6D8A63D65AE}.Release|Mixed Platforms.ActiveCfg = Release|Any CPU
		{8D53345D-C5D6-4510-8FDB-B6D8A63D65AE}.Release|Mixed Platforms.Build.0 = Release|Any CPU
		{8D53345D-C5D6-4510-8FDB-B6D8A63D65AE}.Release|x86.ActiveCfg = Release|Any CPU
		{8D53345D-C5D6-4510-8FDB-B6D8A63D65AE}.Silverlight2|Any CPU.ActiveCfg = Release|Any CPU
		{8D53345D-C5D6-4510-8FDB-B6D8A63D65AE}.Silverlight2|Any CPU.Build.0 = Release|Any CPU
		{8D53345D-C5D6-4510-8FDB-B6D8A63D65AE}.Silverlight2|Mixed Platforms.ActiveCfg = Release|Any CPU
		{8D53345D-C5D6-4510-8FDB-B6D8A63D65AE}.Silverlight2|Mixed Platforms.Build.0 = Release|Any CPU
		{8D53345D-C5D6-4510-8FDB-B6D8A63D65AE}.Silverlight2|x86.ActiveCfg = Release|Any CPU
		{472D6E77-593E-40EB-993C-5F3EE80E7231}.Debug|Any CPU.ActiveCfg = Debug|Any CPU
		{472D6E77-593E-40EB-993C-5F3EE80E7231}.Debug|Any CPU.Build.0 = Debug|Any CPU
		{472D6E77-593E-40EB-993C-5F3EE80E7231}.Debug|Mixed Platforms.ActiveCfg = Debug|Any CPU
		{472D6E77-593E-40EB-993C-5F3EE80E7231}.Debug|x86.ActiveCfg = Debug|Any CPU
		{472D6E77-593E-40EB-993C-5F3EE80E7231}.Net20|Any CPU.ActiveCfg = Release|Any CPU
		{472D6E77-593E-40EB-993C-5F3EE80E7231}.Net20|Any CPU.Build.0 = Release|Any CPU
		{472D6E77-593E-40EB-993C-5F3EE80E7231}.Net20|Mixed Platforms.ActiveCfg = Release|Any CPU
		{472D6E77-593E-40EB-993C-5F3EE80E7231}.Net20|x86.ActiveCfg = Release|Any CPU
		{472D6E77-593E-40EB-993C-5F3EE80E7231}.Profile|Any CPU.ActiveCfg = Release|Any CPU
		{472D6E77-593E-40EB-993C-5F3EE80E7231}.Profile|Any CPU.Build.0 = Release|Any CPU
		{472D6E77-593E-40EB-993C-5F3EE80E7231}.Profile|Mixed Platforms.ActiveCfg = Release|Any CPU
		{472D6E77-593E-40EB-993C-5F3EE80E7231}.Profile|x86.ActiveCfg = Release|Any CPU
		{472D6E77-593E-40EB-993C-5F3EE80E7231}.Release|Any CPU.ActiveCfg = Release|Any CPU
		{472D6E77-593E-40EB-993C-5F3EE80E7231}.Release|Any CPU.Build.0 = Release|Any CPU
		{472D6E77-593E-40EB-993C-5F3EE80E7231}.Release|Mixed Platforms.ActiveCfg = Release|Any CPU
		{472D6E77-593E-40EB-993C-5F3EE80E7231}.Release|x86.ActiveCfg = Release|Any CPU
		{472D6E77-593E-40EB-993C-5F3EE80E7231}.Silverlight2|Any CPU.ActiveCfg = Release|Any CPU
		{472D6E77-593E-40EB-993C-5F3EE80E7231}.Silverlight2|Any CPU.Build.0 = Release|Any CPU
		{472D6E77-593E-40EB-993C-5F3EE80E7231}.Silverlight2|Mixed Platforms.ActiveCfg = Release|Any CPU
		{472D6E77-593E-40EB-993C-5F3EE80E7231}.Silverlight2|x86.ActiveCfg = Release|Any CPU
		{1F3DAD34-F2EF-402B-9D50-F106B4457B33}.Debug|Any CPU.ActiveCfg = Debug|Any CPU
		{1F3DAD34-F2EF-402B-9D50-F106B4457B33}.Debug|Any CPU.Build.0 = Debug|Any CPU
		{1F3DAD34-F2EF-402B-9D50-F106B4457B33}.Debug|Mixed Platforms.ActiveCfg = Debug|Any CPU
		{1F3DAD34-F2EF-402B-9D50-F106B4457B33}.Debug|Mixed Platforms.Build.0 = Debug|Any CPU
		{1F3DAD34-F2EF-402B-9D50-F106B4457B33}.Debug|x86.ActiveCfg = Debug|Any CPU
		{1F3DAD34-F2EF-402B-9D50-F106B4457B33}.Net20|Any CPU.ActiveCfg = Release|Any CPU
		{1F3DAD34-F2EF-402B-9D50-F106B4457B33}.Net20|Any CPU.Build.0 = Release|Any CPU
		{1F3DAD34-F2EF-402B-9D50-F106B4457B33}.Net20|Mixed Platforms.ActiveCfg = Release|Any CPU
		{1F3DAD34-F2EF-402B-9D50-F106B4457B33}.Net20|Mixed Platforms.Build.0 = Release|Any CPU
		{1F3DAD34-F2EF-402B-9D50-F106B4457B33}.Net20|x86.ActiveCfg = Release|Any CPU
		{1F3DAD34-F2EF-402B-9D50-F106B4457B33}.Profile|Any CPU.ActiveCfg = Release|Any CPU
		{1F3DAD34-F2EF-402B-9D50-F106B4457B33}.Profile|Any CPU.Build.0 = Release|Any CPU
		{1F3DAD34-F2EF-402B-9D50-F106B4457B33}.Profile|Mixed Platforms.ActiveCfg = Release|Any CPU
		{1F3DAD34-F2EF-402B-9D50-F106B4457B33}.Profile|Mixed Platforms.Build.0 = Release|Any CPU
		{1F3DAD34-F2EF-402B-9D50-F106B4457B33}.Profile|x86.ActiveCfg = Release|Any CPU
		{1F3DAD34-F2EF-402B-9D50-F106B4457B33}.Release|Any CPU.ActiveCfg = Release|Any CPU
		{1F3DAD34-F2EF-402B-9D50-F106B4457B33}.Release|Any CPU.Build.0 = Release|Any CPU
		{1F3DAD34-F2EF-402B-9D50-F106B4457B33}.Release|Mixed Platforms.ActiveCfg = Release|Any CPU
		{1F3DAD34-F2EF-402B-9D50-F106B4457B33}.Release|Mixed Platforms.Build.0 = Release|Any CPU
		{1F3DAD34-F2EF-402B-9D50-F106B4457B33}.Release|x86.ActiveCfg = Release|Any CPU
		{1F3DAD34-F2EF-402B-9D50-F106B4457B33}.Silverlight2|Any CPU.ActiveCfg = Release|Any CPU
		{1F3DAD34-F2EF-402B-9D50-F106B4457B33}.Silverlight2|Any CPU.Build.0 = Release|Any CPU
		{1F3DAD34-F2EF-402B-9D50-F106B4457B33}.Silverlight2|Mixed Platforms.ActiveCfg = Release|Any CPU
		{1F3DAD34-F2EF-402B-9D50-F106B4457B33}.Silverlight2|Mixed Platforms.Build.0 = Release|Any CPU
		{1F3DAD34-F2EF-402B-9D50-F106B4457B33}.Silverlight2|x86.ActiveCfg = Release|Any CPU
		{BF5D8195-98C1-48E0-B10C-7133B1E61FF4}.Debug|Any CPU.ActiveCfg = Debug|Any CPU
		{BF5D8195-98C1-48E0-B10C-7133B1E61FF4}.Debug|Any CPU.Build.0 = Debug|Any CPU
		{BF5D8195-98C1-48E0-B10C-7133B1E61FF4}.Debug|Mixed Platforms.ActiveCfg = Debug|Any CPU
		{BF5D8195-98C1-48E0-B10C-7133B1E61FF4}.Debug|Mixed Platforms.Build.0 = Debug|Any CPU
		{BF5D8195-98C1-48E0-B10C-7133B1E61FF4}.Debug|x86.ActiveCfg = Debug|Any CPU
		{BF5D8195-98C1-48E0-B10C-7133B1E61FF4}.Net20|Any CPU.ActiveCfg = Release|Any CPU
		{BF5D8195-98C1-48E0-B10C-7133B1E61FF4}.Net20|Any CPU.Build.0 = Release|Any CPU
		{BF5D8195-98C1-48E0-B10C-7133B1E61FF4}.Net20|Mixed Platforms.ActiveCfg = Release|Any CPU
		{BF5D8195-98C1-48E0-B10C-7133B1E61FF4}.Net20|Mixed Platforms.Build.0 = Release|Any CPU
		{BF5D8195-98C1-48E0-B10C-7133B1E61FF4}.Net20|x86.ActiveCfg = Release|Any CPU
		{BF5D8195-98C1-48E0-B10C-7133B1E61FF4}.Profile|Any CPU.ActiveCfg = Release|Any CPU
		{BF5D8195-98C1-48E0-B10C-7133B1E61FF4}.Profile|Any CPU.Build.0 = Release|Any CPU
		{BF5D8195-98C1-48E0-B10C-7133B1E61FF4}.Profile|Mixed Platforms.ActiveCfg = Release|Any CPU
		{BF5D8195-98C1-48E0-B10C-7133B1E61FF4}.Profile|Mixed Platforms.Build.0 = Release|Any CPU
		{BF5D8195-98C1-48E0-B10C-7133B1E61FF4}.Profile|x86.ActiveCfg = Release|Any CPU
		{BF5D8195-98C1-48E0-B10C-7133B1E61FF4}.Release|Any CPU.ActiveCfg = Release|Any CPU
		{BF5D8195-98C1-48E0-B10C-7133B1E61FF4}.Release|Any CPU.Build.0 = Release|Any CPU
		{BF5D8195-98C1-48E0-B10C-7133B1E61FF4}.Release|Mixed Platforms.ActiveCfg = Release|Any CPU
		{BF5D8195-98C1-48E0-B10C-7133B1E61FF4}.Release|Mixed Platforms.Build.0 = Release|Any CPU
		{BF5D8195-98C1-48E0-B10C-7133B1E61FF4}.Release|x86.ActiveCfg = Release|Any CPU
		{BF5D8195-98C1-48E0-B10C-7133B1E61FF4}.Silverlight2|Any CPU.ActiveCfg = Release|Any CPU
		{BF5D8195-98C1-48E0-B10C-7133B1E61FF4}.Silverlight2|Any CPU.Build.0 = Release|Any CPU
		{BF5D8195-98C1-48E0-B10C-7133B1E61FF4}.Silverlight2|Mixed Platforms.ActiveCfg = Release|Any CPU
		{BF5D8195-98C1-48E0-B10C-7133B1E61FF4}.Silverlight2|Mixed Platforms.Build.0 = Release|Any CPU
		{BF5D8195-98C1-48E0-B10C-7133B1E61FF4}.Silverlight2|x86.ActiveCfg = Release|Any CPU
		{2B054760-E46B-430B-885D-38E73DBAD3AC}.Debug|Any CPU.ActiveCfg = Debug|Any CPU
		{2B054760-E46B-430B-885D-38E73DBAD3AC}.Debug|Any CPU.Build.0 = Debug|Any CPU
		{2B054760-E46B-430B-885D-38E73DBAD3AC}.Debug|Mixed Platforms.ActiveCfg = Debug|Any CPU
		{2B054760-E46B-430B-885D-38E73DBAD3AC}.Debug|Mixed Platforms.Build.0 = Debug|Any CPU
		{2B054760-E46B-430B-885D-38E73DBAD3AC}.Debug|x86.ActiveCfg = Debug|Any CPU
		{2B054760-E46B-430B-885D-38E73DBAD3AC}.Net20|Any CPU.ActiveCfg = Release|Any CPU
		{2B054760-E46B-430B-885D-38E73DBAD3AC}.Net20|Any CPU.Build.0 = Release|Any CPU
		{2B054760-E46B-430B-885D-38E73DBAD3AC}.Net20|Mixed Platforms.ActiveCfg = Release|Any CPU
		{2B054760-E46B-430B-885D-38E73DBAD3AC}.Net20|Mixed Platforms.Build.0 = Release|Any CPU
		{2B054760-E46B-430B-885D-38E73DBAD3AC}.Net20|x86.ActiveCfg = Release|Any CPU
		{2B054760-E46B-430B-885D-38E73DBAD3AC}.Profile|Any CPU.ActiveCfg = Release|Any CPU
		{2B054760-E46B-430B-885D-38E73DBAD3AC}.Profile|Any CPU.Build.0 = Release|Any CPU
		{2B054760-E46B-430B-885D-38E73DBAD3AC}.Profile|Mixed Platforms.ActiveCfg = Release|Any CPU
		{2B054760-E46B-430B-885D-38E73DBAD3AC}.Profile|Mixed Platforms.Build.0 = Release|Any CPU
		{2B054760-E46B-430B-885D-38E73DBAD3AC}.Profile|x86.ActiveCfg = Release|Any CPU
		{2B054760-E46B-430B-885D-38E73DBAD3AC}.Release|Any CPU.ActiveCfg = Release|Any CPU
		{2B054760-E46B-430B-885D-38E73DBAD3AC}.Release|Any CPU.Build.0 = Release|Any CPU
		{2B054760-E46B-430B-885D-38E73DBAD3AC}.Release|Mixed Platforms.ActiveCfg = Release|Any CPU
		{2B054760-E46B-430B-885D-38E73DBAD3AC}.Release|Mixed Platforms.Build.0 = Release|Any CPU
		{2B054760-E46B-430B-885D-38E73DBAD3AC}.Release|x86.ActiveCfg = Release|Any CPU
		{2B054760-E46B-430B-885D-38E73DBAD3AC}.Silverlight2|Any CPU.ActiveCfg = Release|Any CPU
		{2B054760-E46B-430B-885D-38E73DBAD3AC}.Silverlight2|Any CPU.Build.0 = Release|Any CPU
		{2B054760-E46B-430B-885D-38E73DBAD3AC}.Silverlight2|Mixed Platforms.ActiveCfg = Release|Any CPU
		{2B054760-E46B-430B-885D-38E73DBAD3AC}.Silverlight2|Mixed Platforms.Build.0 = Release|Any CPU
		{2B054760-E46B-430B-885D-38E73DBAD3AC}.Silverlight2|x86.ActiveCfg = Release|Any CPU
		{023153EE-457C-42AE-AB01-A37A1AB2AFC1}.Debug|Any CPU.ActiveCfg = Debug|x86
		{023153EE-457C-42AE-AB01-A37A1AB2AFC1}.Debug|Mixed Platforms.ActiveCfg = Debug|x86
		{023153EE-457C-42AE-AB01-A37A1AB2AFC1}.Debug|Mixed Platforms.Build.0 = Debug|x86
		{023153EE-457C-42AE-AB01-A37A1AB2AFC1}.Debug|x86.ActiveCfg = Debug|x86
		{023153EE-457C-42AE-AB01-A37A1AB2AFC1}.Debug|x86.Build.0 = Debug|x86
		{023153EE-457C-42AE-AB01-A37A1AB2AFC1}.Net20|Any CPU.ActiveCfg = Release|x86
		{023153EE-457C-42AE-AB01-A37A1AB2AFC1}.Net20|Mixed Platforms.ActiveCfg = Release|x86
		{023153EE-457C-42AE-AB01-A37A1AB2AFC1}.Net20|Mixed Platforms.Build.0 = Release|x86
		{023153EE-457C-42AE-AB01-A37A1AB2AFC1}.Net20|x86.ActiveCfg = Release|x86
		{023153EE-457C-42AE-AB01-A37A1AB2AFC1}.Net20|x86.Build.0 = Release|x86
		{023153EE-457C-42AE-AB01-A37A1AB2AFC1}.Profile|Any CPU.ActiveCfg = Release|x86
		{023153EE-457C-42AE-AB01-A37A1AB2AFC1}.Profile|Mixed Platforms.ActiveCfg = Release|x86
		{023153EE-457C-42AE-AB01-A37A1AB2AFC1}.Profile|Mixed Platforms.Build.0 = Release|x86
		{023153EE-457C-42AE-AB01-A37A1AB2AFC1}.Profile|x86.ActiveCfg = Release|x86
		{023153EE-457C-42AE-AB01-A37A1AB2AFC1}.Profile|x86.Build.0 = Release|x86
		{023153EE-457C-42AE-AB01-A37A1AB2AFC1}.Release|Any CPU.ActiveCfg = Release|x86
		{023153EE-457C-42AE-AB01-A37A1AB2AFC1}.Release|Mixed Platforms.ActiveCfg = Release|x86
		{023153EE-457C-42AE-AB01-A37A1AB2AFC1}.Release|Mixed Platforms.Build.0 = Release|x86
		{023153EE-457C-42AE-AB01-A37A1AB2AFC1}.Release|x86.ActiveCfg = Release|x86
		{023153EE-457C-42AE-AB01-A37A1AB2AFC1}.Release|x86.Build.0 = Release|x86
		{023153EE-457C-42AE-AB01-A37A1AB2AFC1}.Silverlight2|Any CPU.ActiveCfg = Release|x86
		{023153EE-457C-42AE-AB01-A37A1AB2AFC1}.Silverlight2|Mixed Platforms.ActiveCfg = Release|x86
		{023153EE-457C-42AE-AB01-A37A1AB2AFC1}.Silverlight2|Mixed Platforms.Build.0 = Release|x86
		{023153EE-457C-42AE-AB01-A37A1AB2AFC1}.Silverlight2|x86.ActiveCfg = Release|x86
		{023153EE-457C-42AE-AB01-A37A1AB2AFC1}.Silverlight2|x86.Build.0 = Release|x86
	EndGlobalSection
	GlobalSection(SolutionProperties) = preSolution
		HideSolutionNode = FALSE
	EndGlobalSection
	GlobalSection(NestedProjects) = preSolution
		{35032FC5-65E0-4FE4-8DBC-A31F0694EC14} = {71D3E579-BBA2-4020-B3F2-804481770FD2}
		{1F3DAD34-F2EF-402B-9D50-F106B4457B33} = {71D3E579-BBA2-4020-B3F2-804481770FD2}
		{F6EBB789-F278-4AAC-90F0-BA0B4C2CBA18} = {71D3E579-BBA2-4020-B3F2-804481770FD2}
		{816EC137-7AFD-42B3-84A1-447E33A6A8C8} = {58597FF0-C3FC-4D16-9004-1CFBA924161C}
		{05A18144-D234-46D7-A36C-CD45BA884746} = {58597FF0-C3FC-4D16-9004-1CFBA924161C}
		{65A793DB-49B9-4563-B028-BDF958A915CE} = {58597FF0-C3FC-4D16-9004-1CFBA924161C}
		{E1EB9E1A-8BC0-4DA8-983A-6896F523BEE3} = {58597FF0-C3FC-4D16-9004-1CFBA924161C}
		{7C741476-7F39-4C17-9806-C839A5683463} = {58597FF0-C3FC-4D16-9004-1CFBA924161C}
		{5298B531-E3E3-4E3B-B8D2-62459C52163B} = {58597FF0-C3FC-4D16-9004-1CFBA924161C}
		{F6CBE303-3B5F-4CCC-B0B7-D81A6BD462C9} = {E769FD52-855E-4FD1-A3D5-C86209E4B692}
		{8374E4D7-2A91-48F1-9360-09B09CF27C3F} = {A923E15B-C9C7-4A7A-8211-8AEDA2F3F68F}
		{927AB924-08B5-4629-B505-3BC78A61B0D6} = {A923E15B-C9C7-4A7A-8211-8AEDA2F3F68F}
		{7ABED973-7C99-4884-A2AE-96AF4658100C} = {A923E15B-C9C7-4A7A-8211-8AEDA2F3F68F}
		{68ACA9F0-DB63-492B-8BBE-B99874D54B55} = {A923E15B-C9C7-4A7A-8211-8AEDA2F3F68F}
		{8D53345D-C5D6-4510-8FDB-B6D8A63D65AE} = {A923E15B-C9C7-4A7A-8211-8AEDA2F3F68F}
		{C89574F5-DC36-41D7-8F83-4100C58A9441} = {A3717935-081E-4338-A50B-DCF0B28D7464}
		{2D434050-3A61-498B-A740-2CD2DC2631EF} = {A3717935-081E-4338-A50B-DCF0B28D7464}
		{1A08F440-53DC-4C42-9CD1-C1507E5036A7} = {A3717935-081E-4338-A50B-DCF0B28D7464}
		{BF5D8195-98C1-48E0-B10C-7133B1E61FF4} = {F6EBB789-F278-4AAC-90F0-BA0B4C2CBA18}
		{2B054760-E46B-430B-885D-38E73DBAD3AC} = {F6EBB789-F278-4AAC-90F0-BA0B4C2CBA18}
		{023153EE-457C-42AE-AB01-A37A1AB2AFC1} = {F6EBB789-F278-4AAC-90F0-BA0B4C2CBA18}
	EndGlobalSection
EndGlobal
