
Microsoft Visual Studio Solution File, Format Version 10.00
# Visual Studio 2008
Project("{FAE04EC0-301F-11D3-BF4B-00C04F79EFBC}") = "ProtoBuf", "ProtoBuf\ProtoBuf.csproj", "{8649E5E9-4159-4214-B85D-4539799EB09B}"
EndProject
Project("{FAE04EC0-301F-11D3-BF4B-00C04F79EFBC}") = "Examples", "Examples\Examples.csproj", "{816EC137-7AFD-42B3-84A1-447E33A6A8C8}"
EndProject
Project("{2150E333-8FDC-42A3-9474-1A3956D46DE8}") = "General", "General", "{E190238D-8154-48DD-8540-D0913B9BA132}"
	ProjectSection(SolutionItems) = preProject
		ProtoBuf.snk = ProtoBuf.snk
		TODO.txt = TODO.txt
	EndProjectSection
EndProject
Global
	GlobalSection(SolutionConfigurationPlatforms) = preSolution
		Debug|Any CPU = Debug|Any CPU
		Release|Any CPU = Release|Any CPU
	EndGlobalSection
	GlobalSection(ProjectConfigurationPlatforms) = postSolution
		{8649E5E9-4159-4214-B85D-4539799EB09B}.Debug|Any CPU.ActiveCfg = Debug|Any CPU
		{8649E5E9-4159-4214-B85D-4539799EB09B}.Debug|Any CPU.Build.0 = Debug|Any CPU
		{8649E5E9-4159-4214-B85D-4539799EB09B}.Release|Any CPU.ActiveCfg = Release|Any CPU
		{8649E5E9-4159-4214-B85D-4539799EB09B}.Release|Any CPU.Build.0 = Release|Any CPU
		{816EC137-7AFD-42B3-84A1-447E33A6A8C8}.Debug|Any CPU.ActiveCfg = Debug|Any CPU
		{816EC137-7AFD-42B3-84A1-447E33A6A8C8}.Debug|Any CPU.Build.0 = Debug|Any CPU
		{816EC137-7AFD-42B3-84A1-447E33A6A8C8}.Release|Any CPU.ActiveCfg = Release|Any CPU
		{816EC137-7AFD-42B3-84A1-447E33A6A8C8}.Release|Any CPU.Build.0 = Release|Any CPU
	EndGlobalSection
	GlobalSection(SolutionProperties) = preSolution
		HideSolutionNode = FALSE
	EndGlobalSection
EndGlobal
