
Microsoft Visual Studio Solution File, Format Version 12.00
# Visual Studio Version 16
VisualStudioVersion = 16.0.29230.61
MinimumVisualStudioVersion = 10.0.40219.1
Project("{9A19103F-16F7-4668-BE54-9A1E7A4F7556}") = "protobuf-net", "protobuf-net\protobuf-net.csproj", "{3044FAAC-6DCC-44AA-ADAF-26152FF46922}"
EndProject
Project("{9A19103F-16F7-4668-BE54-9A1E7A4F7556}") = "protobuf-net.Test", "protobuf-net.Test\protobuf-net.Test.csproj", "{63AF7CED-8346-41F2-A5B1-A4BD65C8B593}"
EndProject
Project("{9A19103F-16F7-4668-BE54-9A1E7A4F7556}") = "LongDataTests", "LongDataTests\LongDataTests.csproj", "{B4F91AD6-37FE-45AF-A3AC-D26452C1FF18}"
EndProject
Project("{2150E333-8FDC-42A3-9474-1A3956D46DE8}") = "Common", "Common", "{0A6E81F2-C124-4C3D-BBD1-301247B55A77}"
	ProjectSection(SolutionItems) = preProject
		Tools\bcl.proto = Tools\bcl.proto
		..\Build.csproj = ..\Build.csproj
		Directory.build.props = Directory.build.props
		..\global.json = ..\global.json
		NuGet.Config = NuGet.Config
		..\protobuf-net.svg = ..\protobuf-net.svg
		Tools\protogen.proto = Tools\protogen.proto
		..\README.md = ..\README.md
		Shared.ruleset = Shared.ruleset
		version.json = version.json
	EndProjectSection
EndProject
Project("{9A19103F-16F7-4668-BE54-9A1E7A4F7556}") = "protobuf-net.Reflection", "protobuf-net.Reflection\protobuf-net.Reflection.csproj", "{EDA3DD64-F60F-40C3-AEA2-8AFDA67AD32D}"
EndProject
Project("{9A19103F-16F7-4668-BE54-9A1E7A4F7556}") = "protogen", "protogen\protogen.csproj", "{54DD70D6-D607-4C55-9236-45F69F3D63A8}"
EndProject
Project("{9A19103F-16F7-4668-BE54-9A1E7A4F7556}") = "Examples", "Examples\Examples.csproj", "{816EC137-7AFD-42B3-84A1-447E33A6A8C8}"
EndProject
Project("{778DAE3C-4631-46EA-AA77-85C1314464D9}") = "VBTest", "VBTest\VBTest.vbproj", "{B48366B6-99FB-47D6-B517-CA702811244C}"
EndProject
Project("{9A19103F-16F7-4668-BE54-9A1E7A4F7556}") = "CSharpTest", "CSharpTest\CSharpTest.csproj", "{3C7D830B-7A76-43FD-8FFB-95E9E4231653}"
EndProject
Project("{9A19103F-16F7-4668-BE54-9A1E7A4F7556}") = "protobuf-net.Protogen", "protobuf-net.Protogen\protobuf-net.Protogen.csproj", "{D80F8D08-66B1-46C2-B882-7A0CE45B6C2D}"
EndProject
Project("{9A19103F-16F7-4668-BE54-9A1E7A4F7556}") = "protobuf-net.MSBuild", "protobuf-net.MSBuild\protobuf-net.MSBuild.csproj", "{7A015B58-F3D4-47B1-8F54-F2011F6FE962}"
EndProject
Project("{9A19103F-16F7-4668-BE54-9A1E7A4F7556}") = "protobuf-net.MSBuild.Test", "protobuf-net.MSBuild.Test\protobuf-net.MSBuild.Test.csproj", "{1DEA1CF1-FDDC-4A44-BEEE-5E2C8CDB305F}"
EndProject
Project("{9A19103F-16F7-4668-BE54-9A1E7A4F7556}") = "Benchmark", "Benchmark\Benchmark.csproj", "{562011E6-7C25-485E-8ECA-B3300F0CE5D2}"
EndProject
Project("{9A19103F-16F7-4668-BE54-9A1E7A4F7556}") = "BenchmarkBaseline", "BenchmarkBaseline\BenchmarkBaseline.csproj", "{DF69A70B-7F64-47BE-AD3D-C278861133D5}"
EndProject
Project("{9A19103F-16F7-4668-BE54-9A1E7A4F7556}") = "protogen.site.blazor.client", "protogen.site.blazor.client\protogen.site.blazor.client.csproj", "{2B16DEA2-F51B-451C-A60E-99B3961BFB56}"
EndProject
Project("{9A19103F-16F7-4668-BE54-9A1E7A4F7556}") = "protogen.site", "protogen.site\protogen.site.csproj", "{D25F8252-1E16-4EC4-9F5B-91DEBD60E1CE}"
EndProject
Project("{9A19103F-16F7-4668-BE54-9A1E7A4F7556}") = "protobuf-net.Core", "protobuf-net.Core\protobuf-net.Core.csproj", "{951BBDE9-6A10-4965-AA4F-C155D8CCF0B3}"
EndProject
Project("{9A19103F-16F7-4668-BE54-9A1E7A4F7556}") = "protobuf-net.Reflection.Test", "protobuf-net.Reflection.Test\protobuf-net.Reflection.Test.csproj", "{7DB00F15-F7F6-4740-B97B-80A1798D7E38}"
EndProject
Project("{9A19103F-16F7-4668-BE54-9A1E7A4F7556}") = "protobuf-net.MessagePipes", "protobuf-net.MessagePipes\protobuf-net.MessagePipes.csproj", "{07AD4B11-8385-4232-BAD3-3F5B3A28A008}"
EndProject
Project("{9A19103F-16F7-4668-BE54-9A1E7A4F7556}") = "protobuf-net.TestCompatibilityLevel", "protobuf-net.TestCompatibilityLevel\protobuf-net.TestCompatibilityLevel.csproj", "{5573019D-19EA-4947-B84C-C5861D51C728}"
EndProject
Project("{2150E333-8FDC-42A3-9474-1A3956D46DE8}") = "docs", "docs", "{0074CABB-8C07-483A-A439-8C7DEC2BE01C}"
	ProjectSection(SolutionItems) = preProject
		..\docs\3_0.md = ..\docs\3_0.md
		..\docs\build_tools.md = ..\docs\build_tools.md
		..\docs\compatibilitylevel.md = ..\docs\compatibilitylevel.md
		..\docs\contract_first.md = ..\docs\contract_first.md
		..\docs\index.md = ..\docs\index.md
		..\docs\nodatime.md = ..\docs\nodatime.md
		..\docs\releasenotes.md = ..\docs\releasenotes.md
		..\docs\version.md = ..\docs\version.md
	EndProjectSection
EndProject
Project("{9A19103F-16F7-4668-BE54-9A1E7A4F7556}") = "protobuf-net.AspNetCore", "protobuf-net.AspNetCore\protobuf-net.AspNetCore.csproj", "{698DE2CF-8DD8-4788-B17D-6007D8CDA9C5}"
EndProject
Project("{9A19103F-16F7-4668-BE54-9A1E7A4F7556}") = "protobuf-net.TestWeb", "protobuf-net.TestWeb\protobuf-net.TestWeb.csproj", "{C837FE74-2596-402E-907C-9891A94CFB37}"
EndProject
Project("{9A19103F-16F7-4668-BE54-9A1E7A4F7556}") = "protobuf-net.TestWebConsole", "protobuf-net.TestWebConsole\protobuf-net.TestWebConsole.csproj", "{AA328345-72B9-4116-8ADE-8E0C822B83CC}"
EndProject
Project("{2150E333-8FDC-42A3-9474-1A3956D46DE8}") = "src", "src", "{F5B07EBF-F1D9-40BF-8EF4-0BCBA45FAF94}"
EndProject
Project("{2150E333-8FDC-42A3-9474-1A3956D46DE8}") = "tests", "tests", "{0D637072-686D-4DC7-91E4-87913E5154B4}"
EndProject
Project("{2150E333-8FDC-42A3-9474-1A3956D46DE8}") = "experimental", "experimental", "{E1FC7DF5-8C96-4E0A-81CA-50C65A6DB67F}"
EndProject
Project("{9A19103F-16F7-4668-BE54-9A1E7A4F7556}") = "protobuf-net.NodaTime", "protobuf-net.NodaTime\protobuf-net.NodaTime.csproj", "{D88F4C5A-39EC-431E-A68D-79ACB994C65B}"
EndProject
Project("{9A19103F-16F7-4668-BE54-9A1E7A4F7556}") = "NativeGoogleTests", "NativeGoogleTests\NativeGoogleTests.csproj", "{D03DBA87-BC2A-4B69-A28D-B011DCC869F3}"
EndProject
Project("{9A19103F-16F7-4668-BE54-9A1E7A4F7556}") = "protobuf-net.ServiceModel", "protobuf-net.ServiceModel\protobuf-net.ServiceModel.csproj", "{5BBB51AD-BB03-4053-98CF-81641E1B8AE8}"
EndProject
Project("{9A19103F-16F7-4668-BE54-9A1E7A4F7556}") = "protobuf-net.BuildTools", "protobuf-net.BuildTools\protobuf-net.BuildTools.csproj", "{6A13934A-418A-4732-8567-0C5DE8F52234}"
EndProject
Project("{9A19103F-16F7-4668-BE54-9A1E7A4F7556}") = "BuildToolsUnitTests", "BuildToolsUnitTests\BuildToolsUnitTests.csproj", "{9376B70C-ECE5-4D82-8290-2CA27F3761A3}"
EndProject
Project("{9A19103F-16F7-4668-BE54-9A1E7A4F7556}") = "protobuf-net.BuildTools.Legacy", "protobuf-net.BuildTools.Legacy\protobuf-net.BuildTools.Legacy.csproj", "{B09E5BE2-3DE5-410C-A852-17626F0AC48D}"
EndProject
Project("{FAE04EC0-301F-11D3-BF4B-00C04F79EFBC}") = "protobuf-net.Test.Entities", "protobuf-net.Test.Entities\protobuf-net.Test.Entities.csproj", "{DD3E13FC-B2E8-421F-B17B-7360D0C7B6EB}"
EndProject
Global
	GlobalSection(SolutionConfigurationPlatforms) = preSolution
		Debug|Any CPU = Debug|Any CPU
		Release|Any CPU = Release|Any CPU
		VS|Any CPU = VS|Any CPU
	EndGlobalSection
	GlobalSection(ProjectConfigurationPlatforms) = postSolution
		{3044FAAC-6DCC-44AA-ADAF-26152FF46922}.Debug|Any CPU.ActiveCfg = Debug|Any CPU
		{3044FAAC-6DCC-44AA-ADAF-26152FF46922}.Debug|Any CPU.Build.0 = Debug|Any CPU
		{3044FAAC-6DCC-44AA-ADAF-26152FF46922}.Release|Any CPU.ActiveCfg = Release|Any CPU
		{3044FAAC-6DCC-44AA-ADAF-26152FF46922}.Release|Any CPU.Build.0 = Release|Any CPU
		{3044FAAC-6DCC-44AA-ADAF-26152FF46922}.VS|Any CPU.ActiveCfg = Release|Any CPU
		{3044FAAC-6DCC-44AA-ADAF-26152FF46922}.VS|Any CPU.Build.0 = Release|Any CPU
		{63AF7CED-8346-41F2-A5B1-A4BD65C8B593}.Debug|Any CPU.ActiveCfg = Debug|Any CPU
		{63AF7CED-8346-41F2-A5B1-A4BD65C8B593}.Debug|Any CPU.Build.0 = Debug|Any CPU
		{63AF7CED-8346-41F2-A5B1-A4BD65C8B593}.Release|Any CPU.ActiveCfg = Release|Any CPU
		{63AF7CED-8346-41F2-A5B1-A4BD65C8B593}.Release|Any CPU.Build.0 = Release|Any CPU
		{63AF7CED-8346-41F2-A5B1-A4BD65C8B593}.VS|Any CPU.ActiveCfg = VS|Any CPU
		{63AF7CED-8346-41F2-A5B1-A4BD65C8B593}.VS|Any CPU.Build.0 = VS|Any CPU
		{B4F91AD6-37FE-45AF-A3AC-D26452C1FF18}.Debug|Any CPU.ActiveCfg = Debug|Any CPU
		{B4F91AD6-37FE-45AF-A3AC-D26452C1FF18}.Debug|Any CPU.Build.0 = Debug|Any CPU
		{B4F91AD6-37FE-45AF-A3AC-D26452C1FF18}.Release|Any CPU.ActiveCfg = Release|Any CPU
		{B4F91AD6-37FE-45AF-A3AC-D26452C1FF18}.Release|Any CPU.Build.0 = Release|Any CPU
		{B4F91AD6-37FE-45AF-A3AC-D26452C1FF18}.VS|Any CPU.ActiveCfg = VS|Any CPU
		{B4F91AD6-37FE-45AF-A3AC-D26452C1FF18}.VS|Any CPU.Build.0 = VS|Any CPU
		{EDA3DD64-F60F-40C3-AEA2-8AFDA67AD32D}.Debug|Any CPU.ActiveCfg = Debug|Any CPU
		{EDA3DD64-F60F-40C3-AEA2-8AFDA67AD32D}.Debug|Any CPU.Build.0 = Debug|Any CPU
		{EDA3DD64-F60F-40C3-AEA2-8AFDA67AD32D}.Release|Any CPU.ActiveCfg = Release|Any CPU
		{EDA3DD64-F60F-40C3-AEA2-8AFDA67AD32D}.Release|Any CPU.Build.0 = Release|Any CPU
		{EDA3DD64-F60F-40C3-AEA2-8AFDA67AD32D}.VS|Any CPU.ActiveCfg = VS|Any CPU
		{EDA3DD64-F60F-40C3-AEA2-8AFDA67AD32D}.VS|Any CPU.Build.0 = VS|Any CPU
		{54DD70D6-D607-4C55-9236-45F69F3D63A8}.Debug|Any CPU.ActiveCfg = Debug|Any CPU
		{54DD70D6-D607-4C55-9236-45F69F3D63A8}.Debug|Any CPU.Build.0 = Debug|Any CPU
		{54DD70D6-D607-4C55-9236-45F69F3D63A8}.Release|Any CPU.ActiveCfg = Release|Any CPU
		{54DD70D6-D607-4C55-9236-45F69F3D63A8}.Release|Any CPU.Build.0 = Release|Any CPU
		{54DD70D6-D607-4C55-9236-45F69F3D63A8}.VS|Any CPU.ActiveCfg = VS|Any CPU
		{54DD70D6-D607-4C55-9236-45F69F3D63A8}.VS|Any CPU.Build.0 = VS|Any CPU
		{816EC137-7AFD-42B3-84A1-447E33A6A8C8}.Debug|Any CPU.ActiveCfg = Debug|Any CPU
		{816EC137-7AFD-42B3-84A1-447E33A6A8C8}.Debug|Any CPU.Build.0 = Debug|Any CPU
		{816EC137-7AFD-42B3-84A1-447E33A6A8C8}.Release|Any CPU.ActiveCfg = Release|Any CPU
		{816EC137-7AFD-42B3-84A1-447E33A6A8C8}.Release|Any CPU.Build.0 = Release|Any CPU
		{816EC137-7AFD-42B3-84A1-447E33A6A8C8}.VS|Any CPU.ActiveCfg = VS|Any CPU
		{816EC137-7AFD-42B3-84A1-447E33A6A8C8}.VS|Any CPU.Build.0 = VS|Any CPU
		{B48366B6-99FB-47D6-B517-CA702811244C}.Debug|Any CPU.ActiveCfg = Debug|Any CPU
		{B48366B6-99FB-47D6-B517-CA702811244C}.Debug|Any CPU.Build.0 = Debug|Any CPU
		{B48366B6-99FB-47D6-B517-CA702811244C}.Release|Any CPU.ActiveCfg = Release|Any CPU
		{B48366B6-99FB-47D6-B517-CA702811244C}.Release|Any CPU.Build.0 = Release|Any CPU
		{B48366B6-99FB-47D6-B517-CA702811244C}.VS|Any CPU.ActiveCfg = Release|Any CPU
		{B48366B6-99FB-47D6-B517-CA702811244C}.VS|Any CPU.Build.0 = Release|Any CPU
		{3C7D830B-7A76-43FD-8FFB-95E9E4231653}.Debug|Any CPU.ActiveCfg = Debug|Any CPU
		{3C7D830B-7A76-43FD-8FFB-95E9E4231653}.Debug|Any CPU.Build.0 = Debug|Any CPU
		{3C7D830B-7A76-43FD-8FFB-95E9E4231653}.Release|Any CPU.ActiveCfg = Release|Any CPU
		{3C7D830B-7A76-43FD-8FFB-95E9E4231653}.Release|Any CPU.Build.0 = Release|Any CPU
		{3C7D830B-7A76-43FD-8FFB-95E9E4231653}.VS|Any CPU.ActiveCfg = Release|Any CPU
		{3C7D830B-7A76-43FD-8FFB-95E9E4231653}.VS|Any CPU.Build.0 = Release|Any CPU
		{D80F8D08-66B1-46C2-B882-7A0CE45B6C2D}.Debug|Any CPU.ActiveCfg = Debug|Any CPU
		{D80F8D08-66B1-46C2-B882-7A0CE45B6C2D}.Debug|Any CPU.Build.0 = Debug|Any CPU
		{D80F8D08-66B1-46C2-B882-7A0CE45B6C2D}.Release|Any CPU.ActiveCfg = Release|Any CPU
		{D80F8D08-66B1-46C2-B882-7A0CE45B6C2D}.Release|Any CPU.Build.0 = Release|Any CPU
		{D80F8D08-66B1-46C2-B882-7A0CE45B6C2D}.VS|Any CPU.ActiveCfg = VS|Any CPU
		{D80F8D08-66B1-46C2-B882-7A0CE45B6C2D}.VS|Any CPU.Build.0 = VS|Any CPU
		{7A015B58-F3D4-47B1-8F54-F2011F6FE962}.Debug|Any CPU.ActiveCfg = Debug|Any CPU
		{7A015B58-F3D4-47B1-8F54-F2011F6FE962}.Debug|Any CPU.Build.0 = Debug|Any CPU
		{7A015B58-F3D4-47B1-8F54-F2011F6FE962}.Release|Any CPU.ActiveCfg = Release|Any CPU
		{7A015B58-F3D4-47B1-8F54-F2011F6FE962}.Release|Any CPU.Build.0 = Release|Any CPU
		{7A015B58-F3D4-47B1-8F54-F2011F6FE962}.VS|Any CPU.ActiveCfg = Release|Any CPU
		{7A015B58-F3D4-47B1-8F54-F2011F6FE962}.VS|Any CPU.Build.0 = Release|Any CPU
		{1DEA1CF1-FDDC-4A44-BEEE-5E2C8CDB305F}.Debug|Any CPU.ActiveCfg = Debug|Any CPU
		{1DEA1CF1-FDDC-4A44-BEEE-5E2C8CDB305F}.Debug|Any CPU.Build.0 = Debug|Any CPU
		{1DEA1CF1-FDDC-4A44-BEEE-5E2C8CDB305F}.Release|Any CPU.ActiveCfg = Release|Any CPU
		{1DEA1CF1-FDDC-4A44-BEEE-5E2C8CDB305F}.Release|Any CPU.Build.0 = Release|Any CPU
		{1DEA1CF1-FDDC-4A44-BEEE-5E2C8CDB305F}.VS|Any CPU.ActiveCfg = Release|Any CPU
		{1DEA1CF1-FDDC-4A44-BEEE-5E2C8CDB305F}.VS|Any CPU.Build.0 = Release|Any CPU
		{562011E6-7C25-485E-8ECA-B3300F0CE5D2}.Debug|Any CPU.ActiveCfg = Debug|Any CPU
		{562011E6-7C25-485E-8ECA-B3300F0CE5D2}.Debug|Any CPU.Build.0 = Debug|Any CPU
		{562011E6-7C25-485E-8ECA-B3300F0CE5D2}.Release|Any CPU.ActiveCfg = Release|Any CPU
		{562011E6-7C25-485E-8ECA-B3300F0CE5D2}.Release|Any CPU.Build.0 = Release|Any CPU
		{562011E6-7C25-485E-8ECA-B3300F0CE5D2}.VS|Any CPU.ActiveCfg = Release|Any CPU
		{562011E6-7C25-485E-8ECA-B3300F0CE5D2}.VS|Any CPU.Build.0 = Release|Any CPU
		{DF69A70B-7F64-47BE-AD3D-C278861133D5}.Debug|Any CPU.ActiveCfg = Debug|Any CPU
		{DF69A70B-7F64-47BE-AD3D-C278861133D5}.Debug|Any CPU.Build.0 = Debug|Any CPU
		{DF69A70B-7F64-47BE-AD3D-C278861133D5}.Release|Any CPU.ActiveCfg = Release|Any CPU
		{DF69A70B-7F64-47BE-AD3D-C278861133D5}.Release|Any CPU.Build.0 = Release|Any CPU
		{DF69A70B-7F64-47BE-AD3D-C278861133D5}.VS|Any CPU.ActiveCfg = Release|Any CPU
		{DF69A70B-7F64-47BE-AD3D-C278861133D5}.VS|Any CPU.Build.0 = Release|Any CPU
		{2B16DEA2-F51B-451C-A60E-99B3961BFB56}.Debug|Any CPU.ActiveCfg = Debug|Any CPU
		{2B16DEA2-F51B-451C-A60E-99B3961BFB56}.Debug|Any CPU.Build.0 = Debug|Any CPU
		{2B16DEA2-F51B-451C-A60E-99B3961BFB56}.Release|Any CPU.ActiveCfg = Release|Any CPU
		{2B16DEA2-F51B-451C-A60E-99B3961BFB56}.Release|Any CPU.Build.0 = Release|Any CPU
		{2B16DEA2-F51B-451C-A60E-99B3961BFB56}.VS|Any CPU.ActiveCfg = Release|Any CPU
		{2B16DEA2-F51B-451C-A60E-99B3961BFB56}.VS|Any CPU.Build.0 = Release|Any CPU
		{D25F8252-1E16-4EC4-9F5B-91DEBD60E1CE}.Debug|Any CPU.ActiveCfg = Debug|Any CPU
		{D25F8252-1E16-4EC4-9F5B-91DEBD60E1CE}.Debug|Any CPU.Build.0 = Debug|Any CPU
		{D25F8252-1E16-4EC4-9F5B-91DEBD60E1CE}.Release|Any CPU.ActiveCfg = Release|Any CPU
		{D25F8252-1E16-4EC4-9F5B-91DEBD60E1CE}.Release|Any CPU.Build.0 = Release|Any CPU
		{D25F8252-1E16-4EC4-9F5B-91DEBD60E1CE}.VS|Any CPU.ActiveCfg = VS|Any CPU
		{D25F8252-1E16-4EC4-9F5B-91DEBD60E1CE}.VS|Any CPU.Build.0 = VS|Any CPU
		{951BBDE9-6A10-4965-AA4F-C155D8CCF0B3}.Debug|Any CPU.ActiveCfg = Debug|Any CPU
		{951BBDE9-6A10-4965-AA4F-C155D8CCF0B3}.Debug|Any CPU.Build.0 = Debug|Any CPU
		{951BBDE9-6A10-4965-AA4F-C155D8CCF0B3}.Release|Any CPU.ActiveCfg = Release|Any CPU
		{951BBDE9-6A10-4965-AA4F-C155D8CCF0B3}.Release|Any CPU.Build.0 = Release|Any CPU
		{951BBDE9-6A10-4965-AA4F-C155D8CCF0B3}.VS|Any CPU.ActiveCfg = Release|Any CPU
		{951BBDE9-6A10-4965-AA4F-C155D8CCF0B3}.VS|Any CPU.Build.0 = Release|Any CPU
		{7DB00F15-F7F6-4740-B97B-80A1798D7E38}.Debug|Any CPU.ActiveCfg = Debug|Any CPU
		{7DB00F15-F7F6-4740-B97B-80A1798D7E38}.Debug|Any CPU.Build.0 = Debug|Any CPU
		{7DB00F15-F7F6-4740-B97B-80A1798D7E38}.Release|Any CPU.ActiveCfg = Release|Any CPU
		{7DB00F15-F7F6-4740-B97B-80A1798D7E38}.Release|Any CPU.Build.0 = Release|Any CPU
		{7DB00F15-F7F6-4740-B97B-80A1798D7E38}.VS|Any CPU.ActiveCfg = Release|Any CPU
		{7DB00F15-F7F6-4740-B97B-80A1798D7E38}.VS|Any CPU.Build.0 = Release|Any CPU
		{07AD4B11-8385-4232-BAD3-3F5B3A28A008}.Debug|Any CPU.ActiveCfg = Debug|Any CPU
		{07AD4B11-8385-4232-BAD3-3F5B3A28A008}.Debug|Any CPU.Build.0 = Debug|Any CPU
		{07AD4B11-8385-4232-BAD3-3F5B3A28A008}.Release|Any CPU.ActiveCfg = Release|Any CPU
		{07AD4B11-8385-4232-BAD3-3F5B3A28A008}.Release|Any CPU.Build.0 = Release|Any CPU
		{07AD4B11-8385-4232-BAD3-3F5B3A28A008}.VS|Any CPU.ActiveCfg = Release|Any CPU
		{07AD4B11-8385-4232-BAD3-3F5B3A28A008}.VS|Any CPU.Build.0 = Release|Any CPU
		{5573019D-19EA-4947-B84C-C5861D51C728}.Debug|Any CPU.ActiveCfg = Debug|Any CPU
		{5573019D-19EA-4947-B84C-C5861D51C728}.Debug|Any CPU.Build.0 = Debug|Any CPU
		{5573019D-19EA-4947-B84C-C5861D51C728}.Release|Any CPU.ActiveCfg = Release|Any CPU
		{5573019D-19EA-4947-B84C-C5861D51C728}.Release|Any CPU.Build.0 = Release|Any CPU
		{5573019D-19EA-4947-B84C-C5861D51C728}.VS|Any CPU.ActiveCfg = Debug|Any CPU
		{5573019D-19EA-4947-B84C-C5861D51C728}.VS|Any CPU.Build.0 = Debug|Any CPU
		{698DE2CF-8DD8-4788-B17D-6007D8CDA9C5}.Debug|Any CPU.ActiveCfg = Debug|Any CPU
		{698DE2CF-8DD8-4788-B17D-6007D8CDA9C5}.Debug|Any CPU.Build.0 = Debug|Any CPU
		{698DE2CF-8DD8-4788-B17D-6007D8CDA9C5}.Release|Any CPU.ActiveCfg = Release|Any CPU
		{698DE2CF-8DD8-4788-B17D-6007D8CDA9C5}.Release|Any CPU.Build.0 = Release|Any CPU
		{698DE2CF-8DD8-4788-B17D-6007D8CDA9C5}.VS|Any CPU.ActiveCfg = Debug|Any CPU
		{698DE2CF-8DD8-4788-B17D-6007D8CDA9C5}.VS|Any CPU.Build.0 = Debug|Any CPU
		{C837FE74-2596-402E-907C-9891A94CFB37}.Debug|Any CPU.ActiveCfg = Debug|Any CPU
		{C837FE74-2596-402E-907C-9891A94CFB37}.Debug|Any CPU.Build.0 = Debug|Any CPU
		{C837FE74-2596-402E-907C-9891A94CFB37}.Release|Any CPU.ActiveCfg = Release|Any CPU
		{C837FE74-2596-402E-907C-9891A94CFB37}.Release|Any CPU.Build.0 = Release|Any CPU
		{C837FE74-2596-402E-907C-9891A94CFB37}.VS|Any CPU.ActiveCfg = Debug|Any CPU
		{C837FE74-2596-402E-907C-9891A94CFB37}.VS|Any CPU.Build.0 = Debug|Any CPU
		{AA328345-72B9-4116-8ADE-8E0C822B83CC}.Debug|Any CPU.ActiveCfg = Debug|Any CPU
		{AA328345-72B9-4116-8ADE-8E0C822B83CC}.Debug|Any CPU.Build.0 = Debug|Any CPU
		{AA328345-72B9-4116-8ADE-8E0C822B83CC}.Release|Any CPU.ActiveCfg = Release|Any CPU
		{AA328345-72B9-4116-8ADE-8E0C822B83CC}.Release|Any CPU.Build.0 = Release|Any CPU
		{AA328345-72B9-4116-8ADE-8E0C822B83CC}.VS|Any CPU.ActiveCfg = Debug|Any CPU
		{AA328345-72B9-4116-8ADE-8E0C822B83CC}.VS|Any CPU.Build.0 = Debug|Any CPU
		{D88F4C5A-39EC-431E-A68D-79ACB994C65B}.Debug|Any CPU.ActiveCfg = Debug|Any CPU
		{D88F4C5A-39EC-431E-A68D-79ACB994C65B}.Debug|Any CPU.Build.0 = Debug|Any CPU
		{D88F4C5A-39EC-431E-A68D-79ACB994C65B}.Release|Any CPU.ActiveCfg = Release|Any CPU
		{D88F4C5A-39EC-431E-A68D-79ACB994C65B}.Release|Any CPU.Build.0 = Release|Any CPU
		{D88F4C5A-39EC-431E-A68D-79ACB994C65B}.VS|Any CPU.ActiveCfg = Debug|Any CPU
		{D88F4C5A-39EC-431E-A68D-79ACB994C65B}.VS|Any CPU.Build.0 = Debug|Any CPU
		{D03DBA87-BC2A-4B69-A28D-B011DCC869F3}.Debug|Any CPU.ActiveCfg = Debug|Any CPU
		{D03DBA87-BC2A-4B69-A28D-B011DCC869F3}.Debug|Any CPU.Build.0 = Debug|Any CPU
		{D03DBA87-BC2A-4B69-A28D-B011DCC869F3}.Release|Any CPU.ActiveCfg = Release|Any CPU
		{D03DBA87-BC2A-4B69-A28D-B011DCC869F3}.Release|Any CPU.Build.0 = Release|Any CPU
		{D03DBA87-BC2A-4B69-A28D-B011DCC869F3}.VS|Any CPU.ActiveCfg = Debug|Any CPU
		{D03DBA87-BC2A-4B69-A28D-B011DCC869F3}.VS|Any CPU.Build.0 = Debug|Any CPU
		{5BBB51AD-BB03-4053-98CF-81641E1B8AE8}.Debug|Any CPU.ActiveCfg = Debug|Any CPU
		{5BBB51AD-BB03-4053-98CF-81641E1B8AE8}.Debug|Any CPU.Build.0 = Debug|Any CPU
		{5BBB51AD-BB03-4053-98CF-81641E1B8AE8}.Release|Any CPU.ActiveCfg = Release|Any CPU
		{5BBB51AD-BB03-4053-98CF-81641E1B8AE8}.Release|Any CPU.Build.0 = Release|Any CPU
		{5BBB51AD-BB03-4053-98CF-81641E1B8AE8}.VS|Any CPU.ActiveCfg = Debug|Any CPU
		{5BBB51AD-BB03-4053-98CF-81641E1B8AE8}.VS|Any CPU.Build.0 = Debug|Any CPU
		{6A13934A-418A-4732-8567-0C5DE8F52234}.Debug|Any CPU.ActiveCfg = Debug|Any CPU
		{6A13934A-418A-4732-8567-0C5DE8F52234}.Debug|Any CPU.Build.0 = Debug|Any CPU
		{6A13934A-418A-4732-8567-0C5DE8F52234}.Release|Any CPU.ActiveCfg = Release|Any CPU
		{6A13934A-418A-4732-8567-0C5DE8F52234}.Release|Any CPU.Build.0 = Release|Any CPU
		{6A13934A-418A-4732-8567-0C5DE8F52234}.VS|Any CPU.ActiveCfg = Debug|Any CPU
		{6A13934A-418A-4732-8567-0C5DE8F52234}.VS|Any CPU.Build.0 = Debug|Any CPU
		{9376B70C-ECE5-4D82-8290-2CA27F3761A3}.Debug|Any CPU.ActiveCfg = Debug|Any CPU
		{9376B70C-ECE5-4D82-8290-2CA27F3761A3}.Debug|Any CPU.Build.0 = Debug|Any CPU
		{9376B70C-ECE5-4D82-8290-2CA27F3761A3}.Release|Any CPU.ActiveCfg = Release|Any CPU
		{9376B70C-ECE5-4D82-8290-2CA27F3761A3}.Release|Any CPU.Build.0 = Release|Any CPU
		{9376B70C-ECE5-4D82-8290-2CA27F3761A3}.VS|Any CPU.ActiveCfg = Debug|Any CPU
		{9376B70C-ECE5-4D82-8290-2CA27F3761A3}.VS|Any CPU.Build.0 = Debug|Any CPU
		{B09E5BE2-3DE5-410C-A852-17626F0AC48D}.Debug|Any CPU.ActiveCfg = Debug|Any CPU
		{B09E5BE2-3DE5-410C-A852-17626F0AC48D}.Debug|Any CPU.Build.0 = Debug|Any CPU
		{B09E5BE2-3DE5-410C-A852-17626F0AC48D}.Release|Any CPU.ActiveCfg = Release|Any CPU
		{B09E5BE2-3DE5-410C-A852-17626F0AC48D}.Release|Any CPU.Build.0 = Release|Any CPU
		{B09E5BE2-3DE5-410C-A852-17626F0AC48D}.VS|Any CPU.ActiveCfg = Debug|Any CPU
		{B09E5BE2-3DE5-410C-A852-17626F0AC48D}.VS|Any CPU.Build.0 = Debug|Any CPU
		{DD3E13FC-B2E8-421F-B17B-7360D0C7B6EB}.Debug|Any CPU.ActiveCfg = Debug|Any CPU
		{DD3E13FC-B2E8-421F-B17B-7360D0C7B6EB}.Debug|Any CPU.Build.0 = Debug|Any CPU
		{DD3E13FC-B2E8-421F-B17B-7360D0C7B6EB}.Release|Any CPU.ActiveCfg = Release|Any CPU
		{DD3E13FC-B2E8-421F-B17B-7360D0C7B6EB}.Release|Any CPU.Build.0 = Release|Any CPU
		{DD3E13FC-B2E8-421F-B17B-7360D0C7B6EB}.VS|Any CPU.ActiveCfg = Debug|Any CPU
		{DD3E13FC-B2E8-421F-B17B-7360D0C7B6EB}.VS|Any CPU.Build.0 = Debug|Any CPU
	EndGlobalSection
	GlobalSection(SolutionProperties) = preSolution
		HideSolutionNode = FALSE
	EndGlobalSection
	GlobalSection(NestedProjects) = preSolution
		{3044FAAC-6DCC-44AA-ADAF-26152FF46922} = {F5B07EBF-F1D9-40BF-8EF4-0BCBA45FAF94}
		{63AF7CED-8346-41F2-A5B1-A4BD65C8B593} = {0D637072-686D-4DC7-91E4-87913E5154B4}
		{B4F91AD6-37FE-45AF-A3AC-D26452C1FF18} = {0D637072-686D-4DC7-91E4-87913E5154B4}
		{EDA3DD64-F60F-40C3-AEA2-8AFDA67AD32D} = {F5B07EBF-F1D9-40BF-8EF4-0BCBA45FAF94}
		{54DD70D6-D607-4C55-9236-45F69F3D63A8} = {F5B07EBF-F1D9-40BF-8EF4-0BCBA45FAF94}
		{816EC137-7AFD-42B3-84A1-447E33A6A8C8} = {0D637072-686D-4DC7-91E4-87913E5154B4}
		{B48366B6-99FB-47D6-B517-CA702811244C} = {0D637072-686D-4DC7-91E4-87913E5154B4}
		{3C7D830B-7A76-43FD-8FFB-95E9E4231653} = {0D637072-686D-4DC7-91E4-87913E5154B4}
		{D80F8D08-66B1-46C2-B882-7A0CE45B6C2D} = {F5B07EBF-F1D9-40BF-8EF4-0BCBA45FAF94}
		{7A015B58-F3D4-47B1-8F54-F2011F6FE962} = {F5B07EBF-F1D9-40BF-8EF4-0BCBA45FAF94}
		{1DEA1CF1-FDDC-4A44-BEEE-5E2C8CDB305F} = {0D637072-686D-4DC7-91E4-87913E5154B4}
		{562011E6-7C25-485E-8ECA-B3300F0CE5D2} = {0D637072-686D-4DC7-91E4-87913E5154B4}
		{DF69A70B-7F64-47BE-AD3D-C278861133D5} = {0D637072-686D-4DC7-91E4-87913E5154B4}
		{2B16DEA2-F51B-451C-A60E-99B3961BFB56} = {F5B07EBF-F1D9-40BF-8EF4-0BCBA45FAF94}
		{D25F8252-1E16-4EC4-9F5B-91DEBD60E1CE} = {F5B07EBF-F1D9-40BF-8EF4-0BCBA45FAF94}
		{951BBDE9-6A10-4965-AA4F-C155D8CCF0B3} = {F5B07EBF-F1D9-40BF-8EF4-0BCBA45FAF94}
		{7DB00F15-F7F6-4740-B97B-80A1798D7E38} = {0D637072-686D-4DC7-91E4-87913E5154B4}
		{07AD4B11-8385-4232-BAD3-3F5B3A28A008} = {E1FC7DF5-8C96-4E0A-81CA-50C65A6DB67F}
		{5573019D-19EA-4947-B84C-C5861D51C728} = {0D637072-686D-4DC7-91E4-87913E5154B4}
		{0074CABB-8C07-483A-A439-8C7DEC2BE01C} = {0A6E81F2-C124-4C3D-BBD1-301247B55A77}
		{698DE2CF-8DD8-4788-B17D-6007D8CDA9C5} = {F5B07EBF-F1D9-40BF-8EF4-0BCBA45FAF94}
		{C837FE74-2596-402E-907C-9891A94CFB37} = {0D637072-686D-4DC7-91E4-87913E5154B4}
		{AA328345-72B9-4116-8ADE-8E0C822B83CC} = {0D637072-686D-4DC7-91E4-87913E5154B4}
		{D88F4C5A-39EC-431E-A68D-79ACB994C65B} = {F5B07EBF-F1D9-40BF-8EF4-0BCBA45FAF94}
		{D03DBA87-BC2A-4B69-A28D-B011DCC869F3} = {0D637072-686D-4DC7-91E4-87913E5154B4}
		{5BBB51AD-BB03-4053-98CF-81641E1B8AE8} = {F5B07EBF-F1D9-40BF-8EF4-0BCBA45FAF94}
		{6A13934A-418A-4732-8567-0C5DE8F52234} = {F5B07EBF-F1D9-40BF-8EF4-0BCBA45FAF94}
		{9376B70C-ECE5-4D82-8290-2CA27F3761A3} = {0D637072-686D-4DC7-91E4-87913E5154B4}
		{B09E5BE2-3DE5-410C-A852-17626F0AC48D} = {F5B07EBF-F1D9-40BF-8EF4-0BCBA45FAF94}
		{DD3E13FC-B2E8-421F-B17B-7360D0C7B6EB} = {0D637072-686D-4DC7-91E4-87913E5154B4}
	EndGlobalSection
	GlobalSection(ExtensibilityGlobals) = postSolution
		SolutionGuid = {CFE3C0D9-B865-48B9-9CC8-8AEA71EB5C16}
	EndGlobalSection
EndGlobal
