
Microsoft Visual Studio Solution File, Format Version 12.00
# Visual Studio 15
VisualStudioVersion = 15.0.26606.0
MinimumVisualStudioVersion = 10.0.40219.1
Project("{9A19103F-16F7-4668-BE54-9A1E7A4F7556}") = "protobuf-net", "protobuf-net\protobuf-net.csproj", "{3044FAAC-6DCC-44AA-ADAF-26152FF46922}"
EndProject
Project("{9A19103F-16F7-4668-BE54-9A1E7A4F7556}") = "protobuf-net.Test", "protobuf-net.Test\protobuf-net.Test.csproj", "{63AF7CED-8346-41F2-A5B1-A4BD65C8B593}"
EndProject
Project("{9A19103F-16F7-4668-BE54-9A1E7A4F7556}") = "LongDataTests", "LongDataTests\LongDataTests.csproj", "{B4F91AD6-37FE-45AF-A3AC-D26452C1FF18}"
EndProject
Project("{9A19103F-16F7-4668-BE54-9A1E7A4F7556}") = "protogen.site", "protogen.site\protogen.site.csproj", "{DD294FF9-24C0-495F-A693-DF710865C90E}"
EndProject
Project("{2150E333-8FDC-42A3-9474-1A3956D46DE8}") = "Common", "Common", "{0A6E81F2-C124-4C3D-BBD1-301247B55A77}"
	ProjectSection(SolutionItems) = preProject
		Tools\bcl.proto = Tools\bcl.proto
		Directory.build.props = Directory.build.props
		..\README.md = ..\README.md
		..\docs\releasenotes.md = ..\docs\releasenotes.md
	EndProjectSection
EndProject
Project("{9A19103F-16F7-4668-BE54-9A1E7A4F7556}") = "protobuf-net.Reflection", "protobuf-net.Reflection\protobuf-net.Reflection.csproj", "{EDA3DD64-F60F-40C3-AEA2-8AFDA67AD32D}"
EndProject
Project("{9A19103F-16F7-4668-BE54-9A1E7A4F7556}") = "protogen", "protogen\protogen.csproj", "{54DD70D6-D607-4C55-9236-45F69F3D63A8}"
EndProject
Project("{FAE04EC0-301F-11D3-BF4B-00C04F79EFBC}") = "Examples", "Examples\Examples.csproj", "{816EC137-7AFD-42B3-84A1-447E33A6A8C8}"
EndProject
Global
	GlobalSection(SolutionConfigurationPlatforms) = preSolution
		CoreOnly|Any CPU = CoreOnly|Any CPU
		Debug|Any CPU = Debug|Any CPU
		iOS|Any CPU = iOS|Any CPU
		Net20|Any CPU = Net20|Any CPU
		Profile|Any CPU = Profile|Any CPU
		Release|Any CPU = Release|Any CPU
		Silverlight2|Any CPU = Silverlight2|Any CPU
		Unity|Any CPU = Unity|Any CPU
		VS|Any CPU = VS|Any CPU
	EndGlobalSection
	GlobalSection(ProjectConfigurationPlatforms) = postSolution
		{3044FAAC-6DCC-44AA-ADAF-26152FF46922}.CoreOnly|Any CPU.ActiveCfg = VS|Any CPU
		{3044FAAC-6DCC-44AA-ADAF-26152FF46922}.CoreOnly|Any CPU.Build.0 = VS|Any CPU
		{3044FAAC-6DCC-44AA-ADAF-26152FF46922}.Debug|Any CPU.ActiveCfg = Debug|Any CPU
		{3044FAAC-6DCC-44AA-ADAF-26152FF46922}.Debug|Any CPU.Build.0 = Debug|Any CPU
		{3044FAAC-6DCC-44AA-ADAF-26152FF46922}.iOS|Any CPU.ActiveCfg = VS|Any CPU
		{3044FAAC-6DCC-44AA-ADAF-26152FF46922}.iOS|Any CPU.Build.0 = VS|Any CPU
		{3044FAAC-6DCC-44AA-ADAF-26152FF46922}.Net20|Any CPU.ActiveCfg = VS|Any CPU
		{3044FAAC-6DCC-44AA-ADAF-26152FF46922}.Net20|Any CPU.Build.0 = VS|Any CPU
		{3044FAAC-6DCC-44AA-ADAF-26152FF46922}.Profile|Any CPU.ActiveCfg = VS|Any CPU
		{3044FAAC-6DCC-44AA-ADAF-26152FF46922}.Profile|Any CPU.Build.0 = VS|Any CPU
		{3044FAAC-6DCC-44AA-ADAF-26152FF46922}.Release|Any CPU.ActiveCfg = Release|Any CPU
		{3044FAAC-6DCC-44AA-ADAF-26152FF46922}.Release|Any CPU.Build.0 = Release|Any CPU
		{3044FAAC-6DCC-44AA-ADAF-26152FF46922}.Silverlight2|Any CPU.ActiveCfg = VS|Any CPU
		{3044FAAC-6DCC-44AA-ADAF-26152FF46922}.Silverlight2|Any CPU.Build.0 = VS|Any CPU
		{3044FAAC-6DCC-44AA-ADAF-26152FF46922}.Unity|Any CPU.ActiveCfg = VS|Any CPU
		{3044FAAC-6DCC-44AA-ADAF-26152FF46922}.Unity|Any CPU.Build.0 = VS|Any CPU
		{3044FAAC-6DCC-44AA-ADAF-26152FF46922}.VS|Any CPU.ActiveCfg = VS|Any CPU
		{3044FAAC-6DCC-44AA-ADAF-26152FF46922}.VS|Any CPU.Build.0 = VS|Any CPU
		{63AF7CED-8346-41F2-A5B1-A4BD65C8B593}.CoreOnly|Any CPU.ActiveCfg = VS|Any CPU
		{63AF7CED-8346-41F2-A5B1-A4BD65C8B593}.CoreOnly|Any CPU.Build.0 = VS|Any CPU
		{63AF7CED-8346-41F2-A5B1-A4BD65C8B593}.Debug|Any CPU.ActiveCfg = Debug|Any CPU
		{63AF7CED-8346-41F2-A5B1-A4BD65C8B593}.Debug|Any CPU.Build.0 = Debug|Any CPU
		{63AF7CED-8346-41F2-A5B1-A4BD65C8B593}.iOS|Any CPU.ActiveCfg = VS|Any CPU
		{63AF7CED-8346-41F2-A5B1-A4BD65C8B593}.iOS|Any CPU.Build.0 = VS|Any CPU
		{63AF7CED-8346-41F2-A5B1-A4BD65C8B593}.Net20|Any CPU.ActiveCfg = VS|Any CPU
		{63AF7CED-8346-41F2-A5B1-A4BD65C8B593}.Net20|Any CPU.Build.0 = VS|Any CPU
		{63AF7CED-8346-41F2-A5B1-A4BD65C8B593}.Profile|Any CPU.ActiveCfg = VS|Any CPU
		{63AF7CED-8346-41F2-A5B1-A4BD65C8B593}.Profile|Any CPU.Build.0 = VS|Any CPU
		{63AF7CED-8346-41F2-A5B1-A4BD65C8B593}.Release|Any CPU.ActiveCfg = Release|Any CPU
		{63AF7CED-8346-41F2-A5B1-A4BD65C8B593}.Release|Any CPU.Build.0 = Release|Any CPU
		{63AF7CED-8346-41F2-A5B1-A4BD65C8B593}.Silverlight2|Any CPU.ActiveCfg = VS|Any CPU
		{63AF7CED-8346-41F2-A5B1-A4BD65C8B593}.Silverlight2|Any CPU.Build.0 = VS|Any CPU
		{63AF7CED-8346-41F2-A5B1-A4BD65C8B593}.Unity|Any CPU.ActiveCfg = VS|Any CPU
		{63AF7CED-8346-41F2-A5B1-A4BD65C8B593}.Unity|Any CPU.Build.0 = VS|Any CPU
		{63AF7CED-8346-41F2-A5B1-A4BD65C8B593}.VS|Any CPU.ActiveCfg = VS|Any CPU
		{63AF7CED-8346-41F2-A5B1-A4BD65C8B593}.VS|Any CPU.Build.0 = VS|Any CPU
		{B4F91AD6-37FE-45AF-A3AC-D26452C1FF18}.CoreOnly|Any CPU.ActiveCfg = VS|Any CPU
		{B4F91AD6-37FE-45AF-A3AC-D26452C1FF18}.CoreOnly|Any CPU.Build.0 = VS|Any CPU
		{B4F91AD6-37FE-45AF-A3AC-D26452C1FF18}.Debug|Any CPU.ActiveCfg = Debug|Any CPU
		{B4F91AD6-37FE-45AF-A3AC-D26452C1FF18}.Debug|Any CPU.Build.0 = Debug|Any CPU
		{B4F91AD6-37FE-45AF-A3AC-D26452C1FF18}.iOS|Any CPU.ActiveCfg = VS|Any CPU
		{B4F91AD6-37FE-45AF-A3AC-D26452C1FF18}.iOS|Any CPU.Build.0 = VS|Any CPU
		{B4F91AD6-37FE-45AF-A3AC-D26452C1FF18}.Net20|Any CPU.ActiveCfg = VS|Any CPU
		{B4F91AD6-37FE-45AF-A3AC-D26452C1FF18}.Net20|Any CPU.Build.0 = VS|Any CPU
		{B4F91AD6-37FE-45AF-A3AC-D26452C1FF18}.Profile|Any CPU.ActiveCfg = VS|Any CPU
		{B4F91AD6-37FE-45AF-A3AC-D26452C1FF18}.Profile|Any CPU.Build.0 = VS|Any CPU
		{B4F91AD6-37FE-45AF-A3AC-D26452C1FF18}.Release|Any CPU.ActiveCfg = Release|Any CPU
		{B4F91AD6-37FE-45AF-A3AC-D26452C1FF18}.Release|Any CPU.Build.0 = Release|Any CPU
		{B4F91AD6-37FE-45AF-A3AC-D26452C1FF18}.Silverlight2|Any CPU.ActiveCfg = VS|Any CPU
		{B4F91AD6-37FE-45AF-A3AC-D26452C1FF18}.Silverlight2|Any CPU.Build.0 = VS|Any CPU
		{B4F91AD6-37FE-45AF-A3AC-D26452C1FF18}.Unity|Any CPU.ActiveCfg = VS|Any CPU
		{B4F91AD6-37FE-45AF-A3AC-D26452C1FF18}.Unity|Any CPU.Build.0 = VS|Any CPU
		{B4F91AD6-37FE-45AF-A3AC-D26452C1FF18}.VS|Any CPU.ActiveCfg = VS|Any CPU
		{B4F91AD6-37FE-45AF-A3AC-D26452C1FF18}.VS|Any CPU.Build.0 = VS|Any CPU
		{DD294FF9-24C0-495F-A693-DF710865C90E}.CoreOnly|Any CPU.ActiveCfg = VS|Any CPU
		{DD294FF9-24C0-495F-A693-DF710865C90E}.CoreOnly|Any CPU.Build.0 = VS|Any CPU
		{DD294FF9-24C0-495F-A693-DF710865C90E}.Debug|Any CPU.ActiveCfg = Debug|Any CPU
		{DD294FF9-24C0-495F-A693-DF710865C90E}.Debug|Any CPU.Build.0 = Debug|Any CPU
		{DD294FF9-24C0-495F-A693-DF710865C90E}.iOS|Any CPU.ActiveCfg = VS|Any CPU
		{DD294FF9-24C0-495F-A693-DF710865C90E}.iOS|Any CPU.Build.0 = VS|Any CPU
		{DD294FF9-24C0-495F-A693-DF710865C90E}.Net20|Any CPU.ActiveCfg = VS|Any CPU
		{DD294FF9-24C0-495F-A693-DF710865C90E}.Net20|Any CPU.Build.0 = VS|Any CPU
		{DD294FF9-24C0-495F-A693-DF710865C90E}.Profile|Any CPU.ActiveCfg = VS|Any CPU
		{DD294FF9-24C0-495F-A693-DF710865C90E}.Profile|Any CPU.Build.0 = VS|Any CPU
		{DD294FF9-24C0-495F-A693-DF710865C90E}.Release|Any CPU.ActiveCfg = Release|Any CPU
		{DD294FF9-24C0-495F-A693-DF710865C90E}.Release|Any CPU.Build.0 = Release|Any CPU
		{DD294FF9-24C0-495F-A693-DF710865C90E}.Silverlight2|Any CPU.ActiveCfg = VS|Any CPU
		{DD294FF9-24C0-495F-A693-DF710865C90E}.Silverlight2|Any CPU.Build.0 = VS|Any CPU
		{DD294FF9-24C0-495F-A693-DF710865C90E}.Unity|Any CPU.ActiveCfg = VS|Any CPU
		{DD294FF9-24C0-495F-A693-DF710865C90E}.Unity|Any CPU.Build.0 = VS|Any CPU
		{DD294FF9-24C0-495F-A693-DF710865C90E}.VS|Any CPU.ActiveCfg = VS|Any CPU
		{DD294FF9-24C0-495F-A693-DF710865C90E}.VS|Any CPU.Build.0 = VS|Any CPU
		{EDA3DD64-F60F-40C3-AEA2-8AFDA67AD32D}.CoreOnly|Any CPU.ActiveCfg = VS|Any CPU
		{EDA3DD64-F60F-40C3-AEA2-8AFDA67AD32D}.CoreOnly|Any CPU.Build.0 = VS|Any CPU
		{EDA3DD64-F60F-40C3-AEA2-8AFDA67AD32D}.Debug|Any CPU.ActiveCfg = Debug|Any CPU
		{EDA3DD64-F60F-40C3-AEA2-8AFDA67AD32D}.Debug|Any CPU.Build.0 = Debug|Any CPU
		{EDA3DD64-F60F-40C3-AEA2-8AFDA67AD32D}.iOS|Any CPU.ActiveCfg = VS|Any CPU
		{EDA3DD64-F60F-40C3-AEA2-8AFDA67AD32D}.iOS|Any CPU.Build.0 = VS|Any CPU
		{EDA3DD64-F60F-40C3-AEA2-8AFDA67AD32D}.Net20|Any CPU.ActiveCfg = VS|Any CPU
		{EDA3DD64-F60F-40C3-AEA2-8AFDA67AD32D}.Net20|Any CPU.Build.0 = VS|Any CPU
		{EDA3DD64-F60F-40C3-AEA2-8AFDA67AD32D}.Profile|Any CPU.ActiveCfg = VS|Any CPU
		{EDA3DD64-F60F-40C3-AEA2-8AFDA67AD32D}.Profile|Any CPU.Build.0 = VS|Any CPU
		{EDA3DD64-F60F-40C3-AEA2-8AFDA67AD32D}.Release|Any CPU.ActiveCfg = Release|Any CPU
		{EDA3DD64-F60F-40C3-AEA2-8AFDA67AD32D}.Release|Any CPU.Build.0 = Release|Any CPU
		{EDA3DD64-F60F-40C3-AEA2-8AFDA67AD32D}.Silverlight2|Any CPU.ActiveCfg = VS|Any CPU
		{EDA3DD64-F60F-40C3-AEA2-8AFDA67AD32D}.Silverlight2|Any CPU.Build.0 = VS|Any CPU
		{EDA3DD64-F60F-40C3-AEA2-8AFDA67AD32D}.Unity|Any CPU.ActiveCfg = VS|Any CPU
		{EDA3DD64-F60F-40C3-AEA2-8AFDA67AD32D}.Unity|Any CPU.Build.0 = VS|Any CPU
		{EDA3DD64-F60F-40C3-AEA2-8AFDA67AD32D}.VS|Any CPU.ActiveCfg = VS|Any CPU
		{EDA3DD64-F60F-40C3-AEA2-8AFDA67AD32D}.VS|Any CPU.Build.0 = VS|Any CPU
		{54DD70D6-D607-4C55-9236-45F69F3D63A8}.CoreOnly|Any CPU.ActiveCfg = Release|Any CPU
		{54DD70D6-D607-4C55-9236-45F69F3D63A8}.CoreOnly|Any CPU.Build.0 = Release|Any CPU
		{54DD70D6-D607-4C55-9236-45F69F3D63A8}.Debug|Any CPU.ActiveCfg = Debug|Any CPU
		{54DD70D6-D607-4C55-9236-45F69F3D63A8}.Debug|Any CPU.Build.0 = Debug|Any CPU
		{54DD70D6-D607-4C55-9236-45F69F3D63A8}.iOS|Any CPU.ActiveCfg = Release|Any CPU
		{54DD70D6-D607-4C55-9236-45F69F3D63A8}.iOS|Any CPU.Build.0 = Release|Any CPU
		{54DD70D6-D607-4C55-9236-45F69F3D63A8}.Net20|Any CPU.ActiveCfg = Release|Any CPU
		{54DD70D6-D607-4C55-9236-45F69F3D63A8}.Net20|Any CPU.Build.0 = Release|Any CPU
		{54DD70D6-D607-4C55-9236-45F69F3D63A8}.Profile|Any CPU.ActiveCfg = Release|Any CPU
		{54DD70D6-D607-4C55-9236-45F69F3D63A8}.Profile|Any CPU.Build.0 = Release|Any CPU
		{54DD70D6-D607-4C55-9236-45F69F3D63A8}.Release|Any CPU.ActiveCfg = Release|Any CPU
		{54DD70D6-D607-4C55-9236-45F69F3D63A8}.Release|Any CPU.Build.0 = Release|Any CPU
		{54DD70D6-D607-4C55-9236-45F69F3D63A8}.Silverlight2|Any CPU.ActiveCfg = Release|Any CPU
		{54DD70D6-D607-4C55-9236-45F69F3D63A8}.Silverlight2|Any CPU.Build.0 = Release|Any CPU
		{54DD70D6-D607-4C55-9236-45F69F3D63A8}.Unity|Any CPU.ActiveCfg = Release|Any CPU
		{54DD70D6-D607-4C55-9236-45F69F3D63A8}.Unity|Any CPU.Build.0 = Release|Any CPU
		{54DD70D6-D607-4C55-9236-45F69F3D63A8}.VS|Any CPU.ActiveCfg = VS|Any CPU
		{54DD70D6-D607-4C55-9236-45F69F3D63A8}.VS|Any CPU.Build.0 = VS|Any CPU
		{816EC137-7AFD-42B3-84A1-447E33A6A8C8}.CoreOnly|Any CPU.ActiveCfg = VS|Any CPU
		{816EC137-7AFD-42B3-84A1-447E33A6A8C8}.CoreOnly|Any CPU.Build.0 = VS|Any CPU
		{816EC137-7AFD-42B3-84A1-447E33A6A8C8}.Debug|Any CPU.ActiveCfg = Debug|Any CPU
		{816EC137-7AFD-42B3-84A1-447E33A6A8C8}.Debug|Any CPU.Build.0 = Debug|Any CPU
		{816EC137-7AFD-42B3-84A1-447E33A6A8C8}.iOS|Any CPU.ActiveCfg = VS|Any CPU
		{816EC137-7AFD-42B3-84A1-447E33A6A8C8}.iOS|Any CPU.Build.0 = VS|Any CPU
		{816EC137-7AFD-42B3-84A1-447E33A6A8C8}.Net20|Any CPU.ActiveCfg = VS|Any CPU
		{816EC137-7AFD-42B3-84A1-447E33A6A8C8}.Net20|Any CPU.Build.0 = VS|Any CPU
		{816EC137-7AFD-42B3-84A1-447E33A6A8C8}.Profile|Any CPU.ActiveCfg = VS|Any CPU
		{816EC137-7AFD-42B3-84A1-447E33A6A8C8}.Profile|Any CPU.Build.0 = VS|Any CPU
		{816EC137-7AFD-42B3-84A1-447E33A6A8C8}.Release|Any CPU.ActiveCfg = Release|Any CPU
		{816EC137-7AFD-42B3-84A1-447E33A6A8C8}.Release|Any CPU.Build.0 = Release|Any CPU
		{816EC137-7AFD-42B3-84A1-447E33A6A8C8}.Silverlight2|Any CPU.ActiveCfg = VS|Any CPU
		{816EC137-7AFD-42B3-84A1-447E33A6A8C8}.Silverlight2|Any CPU.Build.0 = VS|Any CPU
		{816EC137-7AFD-42B3-84A1-447E33A6A8C8}.Unity|Any CPU.ActiveCfg = VS|Any CPU
		{816EC137-7AFD-42B3-84A1-447E33A6A8C8}.Unity|Any CPU.Build.0 = VS|Any CPU
		{816EC137-7AFD-42B3-84A1-447E33A6A8C8}.VS|Any CPU.ActiveCfg = VS|Any CPU
		{816EC137-7AFD-42B3-84A1-447E33A6A8C8}.VS|Any CPU.Build.0 = VS|Any CPU
	EndGlobalSection
	GlobalSection(SolutionProperties) = preSolution
		HideSolutionNode = FALSE
	EndGlobalSection
EndGlobal
